// !$*UTF8*$!
{
	archiveVersion = 1;
	classes = {
	};
	objectVersion = 56;
	objects = {

/* Begin PBXBuildFile section */
		0A08B1602C5F7CF600267DE1 /* UserModel.swift in Sources */ = {isa = PBXBuildFile; fileRef = 0A08B15F2C5F7CF600267DE1 /* UserModel.swift */; };
		0A08B1622C5F7D1E00267DE1 /* UserInfoViewModel.swift in Sources */ = {isa = PBXBuildFile; fileRef = 0A08B1612C5F7D1D00267DE1 /* UserInfoViewModel.swift */; };
		0A08B1652C5FC99A00267DE1 /* PetInfoCoordinator.swift in Sources */ = {isa = PBXBuildFile; fileRef = 0A08B1642C5FC99A00267DE1 /* PetInfoCoordinator.swift */; };
		0A08B1672C5FD04900267DE1 /* PetCaptionViewModel.swift in Sources */ = {isa = PBXBuildFile; fileRef = 0A08B1662C5FD04800267DE1 /* PetCaptionViewModel.swift */; };
		0A08B1692C5FD11500267DE1 /* PetCaptionCoordinator.swift in Sources */ = {isa = PBXBuildFile; fileRef = 0A08B1682C5FD11500267DE1 /* PetCaptionCoordinator.swift */; };
		0A08B16E2C6212DF00267DE1 /* PetCardCoordinator.swift in Sources */ = {isa = PBXBuildFile; fileRef = 0A08B16D2C6212DF00267DE1 /* PetCardCoordinator.swift */; };
		0A08B1702C62157000267DE1 /* UserInfoCoordinator.swift in Sources */ = {isa = PBXBuildFile; fileRef = 0A08B16F2C62157000267DE1 /* UserInfoCoordinator.swift */; };
		0A1069FA2C1747870031E230 /* PetCardStart.swift in Sources */ = {isa = PBXBuildFile; fileRef = 0A1069F92C1747870031E230 /* PetCardStart.swift */; };
		0A1069FC2C1750B70031E230 /* PetCaption.swift in Sources */ = {isa = PBXBuildFile; fileRef = 0A1069FB2C1750B70031E230 /* PetCaption.swift */; };
		0A21CEE72C0DE23A005DD8E2 /* Assets.xcassets in Resources */ = {isa = PBXBuildFile; fileRef = 0A21CEE62C0DE23A005DD8E2 /* Assets.xcassets */; };
		0A21CEEB2C0DE23A005DD8E2 /* Preview Assets.xcassets in Resources */ = {isa = PBXBuildFile; fileRef = 0A21CEEA2C0DE23A005DD8E2 /* Preview Assets.xcassets */; };
		0A21CF0F2C0DE3AA005DD8E2 /* Test.swift in Sources */ = {isa = PBXBuildFile; fileRef = 0A21CF0E2C0DE3AA005DD8E2 /* Test.swift */; };
		0A21CF1C2C0DEF8D005DD8E2 /* SplashView.swift in Sources */ = {isa = PBXBuildFile; fileRef = 0A21CF1B2C0DEF8D005DD8E2 /* SplashView.swift */; };
		0A21CF1E2C0DEFEB005DD8E2 /* LoginSuccess.swift in Sources */ = {isa = PBXBuildFile; fileRef = 0A21CF1D2C0DEFEB005DD8E2 /* LoginSuccess.swift */; };
		0A21CF222C0DF0E6005DD8E2 /* OnboardingViewModel.swift in Sources */ = {isa = PBXBuildFile; fileRef = 0A21CF212C0DF0E6005DD8E2 /* OnboardingViewModel.swift */; };
		0A21CF242C0DF0F6005DD8E2 /* OnboardingView.swift in Sources */ = {isa = PBXBuildFile; fileRef = 0A21CF232C0DF0F6005DD8E2 /* OnboardingView.swift */; };
		0A21CF262C0DF131005DD8E2 /* TermsAgreementView.swift in Sources */ = {isa = PBXBuildFile; fileRef = 0A21CF252C0DF131005DD8E2 /* TermsAgreementView.swift */; };
		0A4021FD2C1868DF007AA6D5 /* ScanCheck.swift in Sources */ = {isa = PBXBuildFile; fileRef = 0A4021FC2C1868DF007AA6D5 /* ScanCheck.swift */; };
		0A4021FF2C186C44007AA6D5 /* InformationCheck.swift in Sources */ = {isa = PBXBuildFile; fileRef = 0A4021FE2C186C44007AA6D5 /* InformationCheck.swift */; };
		0A4022012C186CBD007AA6D5 /* Sign.swift in Sources */ = {isa = PBXBuildFile; fileRef = 0A4022002C186CBD007AA6D5 /* Sign.swift */; };
		0A4022032C1891BA007AA6D5 /* Complete.swift in Sources */ = {isa = PBXBuildFile; fileRef = 0A4022022C1891BA007AA6D5 /* Complete.swift */; };
		0A4022052C189717007AA6D5 /* PetCardRegistration.swift in Sources */ = {isa = PBXBuildFile; fileRef = 0A4022042C189717007AA6D5 /* PetCardRegistration.swift */; };
		0A4022072C189C4A007AA6D5 /* RegistrationSuccess.swift in Sources */ = {isa = PBXBuildFile; fileRef = 0A4022062C189C4A007AA6D5 /* RegistrationSuccess.swift */; };
		0A55B92C2C0F371E00C98F16 /* UserInfo.swift in Sources */ = {isa = PBXBuildFile; fileRef = 0A55B92B2C0F371E00C98F16 /* UserInfo.swift */; };
		0A5C71A82C1094590079849C /* PetInfo.swift in Sources */ = {isa = PBXBuildFile; fileRef = 0A5C71A72C1094590079849C /* PetInfo.swift */; };
		0A5D601E2C58C638009D656D /* MainViewModel.swift in Sources */ = {isa = PBXBuildFile; fileRef = 0A5D601D2C58C638009D656D /* MainViewModel.swift */; };
		0A5D60242C58C7E2009D656D /* Banner.swift in Sources */ = {isa = PBXBuildFile; fileRef = 0A5D60232C58C7E2009D656D /* Banner.swift */; };
		0A5D60282C58CB0D009D656D /* Tab.swift in Sources */ = {isa = PBXBuildFile; fileRef = 0A5D60272C58CB0D009D656D /* Tab.swift */; };
		0A5D602A2C58CF7E009D656D /* PetCardView.swift in Sources */ = {isa = PBXBuildFile; fileRef = 0A5D60292C58CF7E009D656D /* PetCardView.swift */; };
		0A5D602C2C58CFB6009D656D /* PetCardViewModel.swift in Sources */ = {isa = PBXBuildFile; fileRef = 0A5D602B2C58CFB6009D656D /* PetCardViewModel.swift */; };
		0A5D60302C58D731009D656D /* BannerViewModel.swift in Sources */ = {isa = PBXBuildFile; fileRef = 0A5D602F2C58D731009D656D /* BannerViewModel.swift */; };
		0A5D60362C5A7194009D656D /* PetInfoRequestDTO.swift in Sources */ = {isa = PBXBuildFile; fileRef = 0A5D60352C5A7194009D656D /* PetInfoRequestDTO.swift */; };
		0A5D60382C5A726A009D656D /* PetInfoViewModel.swift in Sources */ = {isa = PBXBuildFile; fileRef = 0A5D60372C5A726A009D656D /* PetInfoViewModel.swift */; };
		0A5D603A2C5A7439009D656D /* PetInfoAPI.swift in Sources */ = {isa = PBXBuildFile; fileRef = 0A5D60392C5A7439009D656D /* PetInfoAPI.swift */; };
		0A5D603C2C5A88F9009D656D /* CustomField.swift in Sources */ = {isa = PBXBuildFile; fileRef = 0A5D603B2C5A88F9009D656D /* CustomField.swift */; };
		0A5D60402C5A8FEB009D656D /* GenderField.swift in Sources */ = {isa = PBXBuildFile; fileRef = 0A5D603F2C5A8FEB009D656D /* GenderField.swift */; };
		0A5D60422C5B5DA9009D656D /* Date+.swift in Sources */ = {isa = PBXBuildFile; fileRef = 0A5D60412C5B5DA9009D656D /* Date+.swift */; };
		0A5D60442C5B6AC2009D656D /* PetCardStartViewModel.swift in Sources */ = {isa = PBXBuildFile; fileRef = 0A5D60432C5B6AC2009D656D /* PetCardStartViewModel.swift */; };
		0A5FE6982C45416D00B95F3C /* AccessibilityRightView.swift in Sources */ = {isa = PBXBuildFile; fileRef = 0A5FE6972C45416D00B95F3C /* AccessibilityRightView.swift */; };
		0A5FE69A2C45419300B95F3C /* AccessibilityRightViewModel.swift in Sources */ = {isa = PBXBuildFile; fileRef = 0A5FE6992C45419300B95F3C /* AccessibilityRightViewModel.swift */; };
		0A5FE69C2C4541A500B95F3C /* AccessibilityItemView.swift in Sources */ = {isa = PBXBuildFile; fileRef = 0A5FE69B2C4541A500B95F3C /* AccessibilityItemView.swift */; };
		0A66689E2C297E3F00EB6E8D /* HospitalSuccess.swift in Sources */ = {isa = PBXBuildFile; fileRef = 0A66689D2C297E3F00EB6E8D /* HospitalSuccess.swift */; };
		0AC9B0852C4278B30040FB28 /* Font+.swift in Sources */ = {isa = PBXBuildFile; fileRef = 0AC9B0842C4278B30040FB28 /* Font+.swift */; };
		0AC9B0882C4278D30040FB28 /* NotoSansKR-Regular.ttf in Resources */ = {isa = PBXBuildFile; fileRef = 0AC9B0862C4278D30040FB28 /* NotoSansKR-Regular.ttf */; };
		0AC9B0892C4278D30040FB28 /* NotoSansKR-SemiBold.ttf in Resources */ = {isa = PBXBuildFile; fileRef = 0AC9B0872C4278D30040FB28 /* NotoSansKR-SemiBold.ttf */; };
		0AC9B08B2C4278DD0040FB28 /* NotoSansKR-Bold.ttf in Resources */ = {isa = PBXBuildFile; fileRef = 0AC9B08A2C4278DD0040FB28 /* NotoSansKR-Bold.ttf */; };
		0AC9B08D2C427D660040FB28 /* Image+.swift in Sources */ = {isa = PBXBuildFile; fileRef = 0AC9B08C2C427D660040FB28 /* Image+.swift */; };
		FA3584E82C49873C0019C46A /* Interface.swift in Sources */ = {isa = PBXBuildFile; fileRef = FA3584E72C49873C0019C46A /* Interface.swift */; };
		FA3584EA2C49875E0019C46A /* ResultPublisher.swift in Sources */ = {isa = PBXBuildFile; fileRef = FA3584E92C49875E0019C46A /* ResultPublisher.swift */; };
		FA3F56BE2C4575CC0011969A /* IsEnablePetButton.swift in Sources */ = {isa = PBXBuildFile; fileRef = FA3F56BD2C4575CC0011969A /* IsEnablePetButton.swift */; };
		FA46F33E2C3EC503003CAC02 /* LoginButton.swift in Sources */ = {isa = PBXBuildFile; fileRef = FA46F33D2C3EC503003CAC02 /* LoginButton.swift */; };
		FA46F3472C3EC977003CAC02 /* Color+.swift in Sources */ = {isa = PBXBuildFile; fileRef = FA46F3462C3EC977003CAC02 /* Color+.swift */; };
		FA46F34A2C3ED4C2003CAC02 /* BaseViewModel.swift in Sources */ = {isa = PBXBuildFile; fileRef = FA46F3492C3ED4C2003CAC02 /* BaseViewModel.swift */; };
		FA46F34D2C3F56FA003CAC02 /* UIWindow+.swift in Sources */ = {isa = PBXBuildFile; fileRef = FA46F34C2C3F56FA003CAC02 /* UIWindow+.swift */; };
		FA47EFBB2C53A34A000F6529 /* Configs.swift in Sources */ = {isa = PBXBuildFile; fileRef = FA47EFBA2C53A34A000F6529 /* Configs.swift */; };
		FA52CAE02C4F76A3009EC228 /* Coordinator.swift in Sources */ = {isa = PBXBuildFile; fileRef = FA52CADF2C4F76A3009EC228 /* Coordinator.swift */; };
		FA52CAE22C4FD6EE009EC228 /* CoordinatorFinishDelegate.swift in Sources */ = {isa = PBXBuildFile; fileRef = FA52CAE12C4FD6EE009EC228 /* CoordinatorFinishDelegate.swift */; };
		FA6E49E42C2C4EAA00F3C957 /* docs.swift in Sources */ = {isa = PBXBuildFile; fileRef = FA6E49E32C2C4EAA00F3C957 /* docs.swift */; };
		FA6E49F72C2E3FEC00F3C957 /* AppDelegate.swift in Sources */ = {isa = PBXBuildFile; fileRef = FA6E49F62C2E3FEC00F3C957 /* AppDelegate.swift */; };
		FA6E49F92C2E40A500F3C957 /* SceneDelegate.swift in Sources */ = {isa = PBXBuildFile; fileRef = FA6E49F82C2E40A500F3C957 /* SceneDelegate.swift */; };
		FAB57C642C49D4F300F471F0 /* PetIdNotificationCenter.swift in Sources */ = {isa = PBXBuildFile; fileRef = FAB57C632C49D4F300F471F0 /* PetIdNotificationCenter.swift */; };
		FAB57C662C49D5A700F471F0 /* LogoutUseCase.swift in Sources */ = {isa = PBXBuildFile; fileRef = FAB57C652C49D5A700F471F0 /* LogoutUseCase.swift */; };
		FAC4CD422C49209400A3658A /* NetworkError.swift in Sources */ = {isa = PBXBuildFile; fileRef = FAC4CD412C49209400A3658A /* NetworkError.swift */; };
		FAC4CD442C49214D00A3658A /* ErrorModel.swift in Sources */ = {isa = PBXBuildFile; fileRef = FAC4CD432C49214D00A3658A /* ErrorModel.swift */; };
		FAC4CD472C4921A400A3658A /* LoggAble.swift in Sources */ = {isa = PBXBuildFile; fileRef = FAC4CD462C4921A400A3658A /* LoggAble.swift */; };
		FAC4CD492C49230000A3658A /* NetworkPlugin.swift in Sources */ = {isa = PBXBuildFile; fileRef = FAC4CD482C49230000A3658A /* NetworkPlugin.swift */; };
		FAC4CD4B2C4929C100A3658A /* TermsAgreementViewModel.swift in Sources */ = {isa = PBXBuildFile; fileRef = FAC4CD4A2C4929C100A3658A /* TermsAgreementViewModel.swift */; };
		FAC4CD4E2C492D6500A3658A /* JoinRequestDTO.swift in Sources */ = {isa = PBXBuildFile; fileRef = FAC4CD4D2C492D6500A3658A /* JoinRequestDTO.swift */; };
		FAC4CD502C492F3C00A3658A /* JoinResponseDTO.swift in Sources */ = {isa = PBXBuildFile; fileRef = FAC4CD4F2C492F3C00A3658A /* JoinResponseDTO.swift */; };
		FAC4CD522C49309700A3658A /* JoinUseCase.swift in Sources */ = {isa = PBXBuildFile; fileRef = FAC4CD512C49309700A3658A /* JoinUseCase.swift */; };
		FAC4CD542C49353F00A3658A /* Encodable+.swift in Sources */ = {isa = PBXBuildFile; fileRef = FAC4CD532C49353F00A3658A /* Encodable+.swift */; };
		FAC4CD582C494C5600A3658A /* MainCoordinator.swift in Sources */ = {isa = PBXBuildFile; fileRef = FAC4CD572C494C5600A3658A /* MainCoordinator.swift */; };
		FAC4CD5B2C4970E600A3658A /* TokenRefreshRequestDTO.swift in Sources */ = {isa = PBXBuildFile; fileRef = FAC4CD5A2C4970E600A3658A /* TokenRefreshRequestDTO.swift */; };
		FADD57022C318C2F00770AC6 /* Pods_Pet_ID_iOS.framework in Frameworks */ = {isa = PBXBuildFile; fileRef = EE708653717083BEEFB7716B /* Pods_Pet_ID_iOS.framework */; };
		FADD57032C318C2F00770AC6 /* Pods_Pet_ID_iOS.framework in Embed Frameworks */ = {isa = PBXBuildFile; fileRef = EE708653717083BEEFB7716B /* Pods_Pet_ID_iOS.framework */; settings = {ATTRIBUTES = (CodeSignOnCopy, RemoveHeadersOnCopy, ); }; };
		FADD57062C318CD700770AC6 /* SplashViewModel.swift in Sources */ = {isa = PBXBuildFile; fileRef = FADD57052C318CD700770AC6 /* SplashViewModel.swift */; };
		FADD57082C318D1F00770AC6 /* DefaultUserRepository.swift in Sources */ = {isa = PBXBuildFile; fileRef = FADD57072C318D1F00770AC6 /* DefaultUserRepository.swift */; };
		FADD570B2C318DA300770AC6 /* Keychain.swift in Sources */ = {isa = PBXBuildFile; fileRef = FADD570A2C318DA300770AC6 /* Keychain.swift */; };
		FADD570F2C318ECB00770AC6 /* KeychainProtocol.swift in Sources */ = {isa = PBXBuildFile; fileRef = FADD570E2C318ECB00770AC6 /* KeychainProtocol.swift */; };
		FADD57112C318EDF00770AC6 /* KeyChainManager.swift in Sources */ = {isa = PBXBuildFile; fileRef = FADD57102C318EDF00770AC6 /* KeyChainManager.swift */; };
		FADD57142C318EFA00770AC6 /* Constants.swift in Sources */ = {isa = PBXBuildFile; fileRef = FADD57132C318EFA00770AC6 /* Constants.swift */; };
		FADD57162C318F7200770AC6 /* KeychainManagerProtocol.swift in Sources */ = {isa = PBXBuildFile; fileRef = FADD57152C318F7200770AC6 /* KeychainManagerProtocol.swift */; };
		FADD57192C31914B00770AC6 /* Authorization.swift in Sources */ = {isa = PBXBuildFile; fileRef = FADD57182C31914B00770AC6 /* Authorization.swift */; };
		FADD571C2C3191B500770AC6 /* AuthorizationDTO.swift in Sources */ = {isa = PBXBuildFile; fileRef = FADD571B2C3191B500770AC6 /* AuthorizationDTO.swift */; };
		FADD571F2C31922700770AC6 /* UserError.swift in Sources */ = {isa = PBXBuildFile; fileRef = FADD571E2C31922700770AC6 /* UserError.swift */; };
		FADD57252C3193B200770AC6 /* DIConatiner.swift in Sources */ = {isa = PBXBuildFile; fileRef = FADD57242C3193B200770AC6 /* DIConatiner.swift */; };
		FADD57292C31988500770AC6 /* AutoLoginUseCase.swift in Sources */ = {isa = PBXBuildFile; fileRef = FADD57282C31988500770AC6 /* AutoLoginUseCase.swift */; };
		FADD572F2C319ECD00770AC6 /* Logger.swift in Sources */ = {isa = PBXBuildFile; fileRef = FADD572E2C319ECD00770AC6 /* Logger.swift */; };
		FADD57312C31A01400770AC6 /* UserRepositoryProtocol.swift in Sources */ = {isa = PBXBuildFile; fileRef = FADD57302C31A01400770AC6 /* UserRepositoryProtocol.swift */; };
		FADD57362C31A0A400770AC6 /* MainView.swift in Sources */ = {isa = PBXBuildFile; fileRef = FADD57352C31A0A400770AC6 /* MainView.swift */; };
		FAE565E92C3C229600D77149 /* AppCoordinator.swift in Sources */ = {isa = PBXBuildFile; fileRef = FAE565E82C3C229600D77149 /* AppCoordinator.swift */; };
		FAE565ED2C3C275900D77149 /* SplashCoordinator.swift in Sources */ = {isa = PBXBuildFile; fileRef = FAE565EC2C3C275900D77149 /* SplashCoordinator.swift */; };
		FAE565F62C3C328000D77149 /* LoginCoordinator.swift in Sources */ = {isa = PBXBuildFile; fileRef = FAE565F52C3C328000D77149 /* LoginCoordinator.swift */; };
		FAE565F92C3C328D00D77149 /* LoginMainView.swift in Sources */ = {isa = PBXBuildFile; fileRef = FAE565F82C3C328D00D77149 /* LoginMainView.swift */; };
		FAE565FB2C3C329700D77149 /* LoginMainViewModel.swift in Sources */ = {isa = PBXBuildFile; fileRef = FAE565FA2C3C329700D77149 /* LoginMainViewModel.swift */; };
		FAE566012C3C365300D77149 /* UserDefaultManager.swift in Sources */ = {isa = PBXBuildFile; fileRef = FAE566002C3C365300D77149 /* UserDefaultManager.swift */; };
		FAE566042C3C384B00D77149 /* AccessibilityGuideView.swift in Sources */ = {isa = PBXBuildFile; fileRef = FAE566032C3C384B00D77149 /* AccessibilityGuideView.swift */; };
		FAE5660B2C3EAF6C00D77149 /* GoogleService-Info.plist in Resources */ = {isa = PBXBuildFile; fileRef = FAE5660A2C3EAF6C00D77149 /* GoogleService-Info.plist */; };
		FAE5660D2C3EB68D00D77149 /* CameraAlbumManager.swift in Sources */ = {isa = PBXBuildFile; fileRef = FAE5660C2C3EB68D00D77149 /* CameraAlbumManager.swift */; };
		FAF8E6E72C40C20600CA7145 /* AppleAuthProvider.swift in Sources */ = {isa = PBXBuildFile; fileRef = FAF8E6E62C40C20600CA7145 /* AppleAuthProvider.swift */; };
		FAF8E6E92C40C70A00CA7145 /* Provider.swift in Sources */ = {isa = PBXBuildFile; fileRef = FAF8E6E82C40C70A00CA7145 /* Provider.swift */; };
		FAF8E6EB2C40C84300CA7145 /* NetworkEventLogger.swift in Sources */ = {isa = PBXBuildFile; fileRef = FAF8E6EA2C40C84300CA7145 /* NetworkEventLogger.swift */; };
		FAF8E6ED2C40CC1000CA7145 /* NetworkInterceptor.swift in Sources */ = {isa = PBXBuildFile; fileRef = FAF8E6EC2C40CC1000CA7145 /* NetworkInterceptor.swift */; };
		FAF8E6F12C40D17E00CA7145 /* UserDefault.swift in Sources */ = {isa = PBXBuildFile; fileRef = FAF8E6F02C40D17E00CA7145 /* UserDefault.swift */; };
		FAF8E6F42C40D3C200CA7145 /* AuthAPI.swift in Sources */ = {isa = PBXBuildFile; fileRef = FAF8E6F32C40D3C200CA7145 /* AuthAPI.swift */; };
		FAF8E6F72C40D3FA00CA7145 /* APIConfigs.swift in Sources */ = {isa = PBXBuildFile; fileRef = FAF8E6F62C40D3FA00CA7145 /* APIConfigs.swift */; };
		FAF8E6FB2C40D58700CA7145 /* BaseTargetType.swift in Sources */ = {isa = PBXBuildFile; fileRef = FAF8E6FA2C40D58700CA7145 /* BaseTargetType.swift */; };
		FAF8E6FE2C40D68D00CA7145 /* LoginRequestDTO.swift in Sources */ = {isa = PBXBuildFile; fileRef = FAF8E6FD2C40D68D00CA7145 /* LoginRequestDTO.swift */; };
		FAF8E7002C40D7A700CA7145 /* OAuthType.swift in Sources */ = {isa = PBXBuildFile; fileRef = FAF8E6FF2C40D7A700CA7145 /* OAuthType.swift */; };
		FAF8E7042C40D80100CA7145 /* OAuth.swift in Sources */ = {isa = PBXBuildFile; fileRef = FAF8E7032C40D80100CA7145 /* OAuth.swift */; };
		FAF8E7062C40E22B00CA7145 /* DefaultAuthRepository.swift in Sources */ = {isa = PBXBuildFile; fileRef = FAF8E7052C40E22B00CA7145 /* DefaultAuthRepository.swift */; };
		FAF8E7092C40E27C00CA7145 /* AuthDataSource.swift in Sources */ = {isa = PBXBuildFile; fileRef = FAF8E7082C40E27C00CA7145 /* AuthDataSource.swift */; };
		FAF8E70F2C40E3A200CA7145 /* LoginResponseDTO.swift in Sources */ = {isa = PBXBuildFile; fileRef = FAF8E70E2C40E3A200CA7145 /* LoginResponseDTO.swift */; };
		FAF8E7142C40EC4A00CA7145 /* AuthRepository.swift in Sources */ = {isa = PBXBuildFile; fileRef = FAF8E7132C40EC4A00CA7145 /* AuthRepository.swift */; };
		FAF8E7162C40EC7100CA7145 /* LoginUseCase.swift in Sources */ = {isa = PBXBuildFile; fileRef = FAF8E7152C40EC7100CA7145 /* LoginUseCase.swift */; };
		FAF8E7192C41046200CA7145 /* CheckBox.swift in Sources */ = {isa = PBXBuildFile; fileRef = FAF8E7182C41046200CA7145 /* CheckBox.swift */; };
		FAF8E71C2C410ADA00CA7145 /* UserServiceTerms.swift in Sources */ = {isa = PBXBuildFile; fileRef = FAF8E71B2C410ADA00CA7145 /* UserServiceTerms.swift */; };
		FAF8E71F2C410DB800CA7145 /* AggreementType.swift in Sources */ = {isa = PBXBuildFile; fileRef = FAF8E71E2C410DB800CA7145 /* AggreementType.swift */; };
/* End PBXBuildFile section */

/* Begin PBXCopyFilesBuildPhase section */
		FADD57042C318C2F00770AC6 /* Embed Frameworks */ = {
			isa = PBXCopyFilesBuildPhase;
			buildActionMask = 2147483647;
			dstPath = "";
			dstSubfolderSpec = 10;
			files = (
				FADD57032C318C2F00770AC6 /* Pods_Pet_ID_iOS.framework in Embed Frameworks */,
			);
			name = "Embed Frameworks";
			runOnlyForDeploymentPostprocessing = 0;
		};
/* End PBXCopyFilesBuildPhase section */

/* Begin PBXFileReference section */
		0A08B15F2C5F7CF600267DE1 /* UserModel.swift */ = {isa = PBXFileReference; lastKnownFileType = sourcecode.swift; path = UserModel.swift; sourceTree = "<group>"; };
		0A08B1612C5F7D1D00267DE1 /* UserInfoViewModel.swift */ = {isa = PBXFileReference; lastKnownFileType = sourcecode.swift; path = UserInfoViewModel.swift; sourceTree = "<group>"; };
		0A08B1642C5FC99A00267DE1 /* PetInfoCoordinator.swift */ = {isa = PBXFileReference; lastKnownFileType = sourcecode.swift; path = PetInfoCoordinator.swift; sourceTree = "<group>"; };
		0A08B1662C5FD04800267DE1 /* PetCaptionViewModel.swift */ = {isa = PBXFileReference; lastKnownFileType = sourcecode.swift; path = PetCaptionViewModel.swift; sourceTree = "<group>"; };
		0A08B1682C5FD11500267DE1 /* PetCaptionCoordinator.swift */ = {isa = PBXFileReference; lastKnownFileType = sourcecode.swift; path = PetCaptionCoordinator.swift; sourceTree = "<group>"; };
		0A08B16D2C6212DF00267DE1 /* PetCardCoordinator.swift */ = {isa = PBXFileReference; lastKnownFileType = sourcecode.swift; path = PetCardCoordinator.swift; sourceTree = "<group>"; };
		0A08B16F2C62157000267DE1 /* UserInfoCoordinator.swift */ = {isa = PBXFileReference; lastKnownFileType = sourcecode.swift; path = UserInfoCoordinator.swift; sourceTree = "<group>"; };
		0A1069F92C1747870031E230 /* PetCardStart.swift */ = {isa = PBXFileReference; lastKnownFileType = sourcecode.swift; path = PetCardStart.swift; sourceTree = "<group>"; };
		0A1069FB2C1750B70031E230 /* PetCaption.swift */ = {isa = PBXFileReference; lastKnownFileType = sourcecode.swift; path = PetCaption.swift; sourceTree = "<group>"; };
		0A21CEDF2C0DE238005DD8E2 /* Pet-ID-iOS.app */ = {isa = PBXFileReference; explicitFileType = wrapper.application; includeInIndex = 0; path = "Pet-ID-iOS.app"; sourceTree = BUILT_PRODUCTS_DIR; };
		0A21CEE62C0DE23A005DD8E2 /* Assets.xcassets */ = {isa = PBXFileReference; lastKnownFileType = folder.assetcatalog; path = Assets.xcassets; sourceTree = "<group>"; };
		0A21CEE82C0DE23A005DD8E2 /* Pet_ID_iOS.entitlements */ = {isa = PBXFileReference; lastKnownFileType = text.plist.entitlements; path = Pet_ID_iOS.entitlements; sourceTree = "<group>"; };
		0A21CEEA2C0DE23A005DD8E2 /* Preview Assets.xcassets */ = {isa = PBXFileReference; lastKnownFileType = folder.assetcatalog; path = "Preview Assets.xcassets"; sourceTree = "<group>"; };
		0A21CF0E2C0DE3AA005DD8E2 /* Test.swift */ = {isa = PBXFileReference; lastKnownFileType = sourcecode.swift; path = Test.swift; sourceTree = "<group>"; };
		0A21CF102C0DE3E3005DD8E2 /* TensorFlowLite.framework */ = {isa = PBXFileReference; explicitFileType = wrapper.framework; path = TensorFlowLite.framework; sourceTree = BUILT_PRODUCTS_DIR; };
		0A21CF1B2C0DEF8D005DD8E2 /* SplashView.swift */ = {isa = PBXFileReference; lastKnownFileType = sourcecode.swift; path = SplashView.swift; sourceTree = "<group>"; };
		0A21CF1D2C0DEFEB005DD8E2 /* LoginSuccess.swift */ = {isa = PBXFileReference; lastKnownFileType = sourcecode.swift; path = LoginSuccess.swift; sourceTree = "<group>"; };
		0A21CF212C0DF0E6005DD8E2 /* OnboardingViewModel.swift */ = {isa = PBXFileReference; lastKnownFileType = sourcecode.swift; path = OnboardingViewModel.swift; sourceTree = "<group>"; };
		0A21CF232C0DF0F6005DD8E2 /* OnboardingView.swift */ = {isa = PBXFileReference; lastKnownFileType = sourcecode.swift; path = OnboardingView.swift; sourceTree = "<group>"; };
		0A21CF252C0DF131005DD8E2 /* TermsAgreementView.swift */ = {isa = PBXFileReference; lastKnownFileType = sourcecode.swift; path = TermsAgreementView.swift; sourceTree = "<group>"; };
		0A4021FC2C1868DF007AA6D5 /* ScanCheck.swift */ = {isa = PBXFileReference; lastKnownFileType = sourcecode.swift; path = ScanCheck.swift; sourceTree = "<group>"; };
		0A4021FE2C186C44007AA6D5 /* InformationCheck.swift */ = {isa = PBXFileReference; lastKnownFileType = sourcecode.swift; path = InformationCheck.swift; sourceTree = "<group>"; };
		0A4022002C186CBD007AA6D5 /* Sign.swift */ = {isa = PBXFileReference; lastKnownFileType = sourcecode.swift; path = Sign.swift; sourceTree = "<group>"; };
		0A4022022C1891BA007AA6D5 /* Complete.swift */ = {isa = PBXFileReference; lastKnownFileType = sourcecode.swift; path = Complete.swift; sourceTree = "<group>"; };
		0A4022042C189717007AA6D5 /* PetCardRegistration.swift */ = {isa = PBXFileReference; lastKnownFileType = sourcecode.swift; path = PetCardRegistration.swift; sourceTree = "<group>"; };
		0A4022062C189C4A007AA6D5 /* RegistrationSuccess.swift */ = {isa = PBXFileReference; lastKnownFileType = sourcecode.swift; path = RegistrationSuccess.swift; sourceTree = "<group>"; };
		0A55B92B2C0F371E00C98F16 /* UserInfo.swift */ = {isa = PBXFileReference; lastKnownFileType = sourcecode.swift; path = UserInfo.swift; sourceTree = "<group>"; };
		0A5C71A72C1094590079849C /* PetInfo.swift */ = {isa = PBXFileReference; lastKnownFileType = sourcecode.swift; path = PetInfo.swift; sourceTree = "<group>"; };
		0A5D601D2C58C638009D656D /* MainViewModel.swift */ = {isa = PBXFileReference; lastKnownFileType = sourcecode.swift; path = MainViewModel.swift; sourceTree = "<group>"; };
		0A5D60232C58C7E2009D656D /* Banner.swift */ = {isa = PBXFileReference; lastKnownFileType = sourcecode.swift; path = Banner.swift; sourceTree = "<group>"; };
		0A5D60272C58CB0D009D656D /* Tab.swift */ = {isa = PBXFileReference; lastKnownFileType = sourcecode.swift; path = Tab.swift; sourceTree = "<group>"; };
		0A5D60292C58CF7E009D656D /* PetCardView.swift */ = {isa = PBXFileReference; lastKnownFileType = sourcecode.swift; path = PetCardView.swift; sourceTree = "<group>"; };
		0A5D602B2C58CFB6009D656D /* PetCardViewModel.swift */ = {isa = PBXFileReference; lastKnownFileType = sourcecode.swift; path = PetCardViewModel.swift; sourceTree = "<group>"; };
		0A5D602F2C58D731009D656D /* BannerViewModel.swift */ = {isa = PBXFileReference; lastKnownFileType = sourcecode.swift; path = BannerViewModel.swift; sourceTree = "<group>"; };
		0A5D60352C5A7194009D656D /* PetInfoRequestDTO.swift */ = {isa = PBXFileReference; lastKnownFileType = sourcecode.swift; path = PetInfoRequestDTO.swift; sourceTree = "<group>"; };
		0A5D60372C5A726A009D656D /* PetInfoViewModel.swift */ = {isa = PBXFileReference; lastKnownFileType = sourcecode.swift; path = PetInfoViewModel.swift; sourceTree = "<group>"; };
		0A5D60392C5A7439009D656D /* PetInfoAPI.swift */ = {isa = PBXFileReference; lastKnownFileType = sourcecode.swift; path = PetInfoAPI.swift; sourceTree = "<group>"; };
		0A5D603B2C5A88F9009D656D /* CustomField.swift */ = {isa = PBXFileReference; lastKnownFileType = sourcecode.swift; path = CustomField.swift; sourceTree = "<group>"; };
		0A5D603F2C5A8FEB009D656D /* GenderField.swift */ = {isa = PBXFileReference; lastKnownFileType = sourcecode.swift; path = GenderField.swift; sourceTree = "<group>"; };
		0A5D60412C5B5DA9009D656D /* Date+.swift */ = {isa = PBXFileReference; lastKnownFileType = sourcecode.swift; path = "Date+.swift"; sourceTree = "<group>"; };
		0A5D60432C5B6AC2009D656D /* PetCardStartViewModel.swift */ = {isa = PBXFileReference; lastKnownFileType = sourcecode.swift; path = PetCardStartViewModel.swift; sourceTree = "<group>"; };
		0A5FE6972C45416D00B95F3C /* AccessibilityRightView.swift */ = {isa = PBXFileReference; lastKnownFileType = sourcecode.swift; path = AccessibilityRightView.swift; sourceTree = "<group>"; };
		0A5FE6992C45419300B95F3C /* AccessibilityRightViewModel.swift */ = {isa = PBXFileReference; lastKnownFileType = sourcecode.swift; path = AccessibilityRightViewModel.swift; sourceTree = "<group>"; };
		0A5FE69B2C4541A500B95F3C /* AccessibilityItemView.swift */ = {isa = PBXFileReference; lastKnownFileType = sourcecode.swift; path = AccessibilityItemView.swift; sourceTree = "<group>"; };
		0A66689D2C297E3F00EB6E8D /* HospitalSuccess.swift */ = {isa = PBXFileReference; lastKnownFileType = sourcecode.swift; path = HospitalSuccess.swift; sourceTree = "<group>"; };
		0AB4E1072C2B14BC006331B4 /* Info.plist */ = {isa = PBXFileReference; fileEncoding = 4; lastKnownFileType = text.plist.xml; path = Info.plist; sourceTree = "<group>"; };
		0AC9B0842C4278B30040FB28 /* Font+.swift */ = {isa = PBXFileReference; lastKnownFileType = sourcecode.swift; path = "Font+.swift"; sourceTree = "<group>"; };
		0AC9B0862C4278D30040FB28 /* NotoSansKR-Regular.ttf */ = {isa = PBXFileReference; lastKnownFileType = file; path = "NotoSansKR-Regular.ttf"; sourceTree = "<group>"; };
		0AC9B0872C4278D30040FB28 /* NotoSansKR-SemiBold.ttf */ = {isa = PBXFileReference; lastKnownFileType = file; path = "NotoSansKR-SemiBold.ttf"; sourceTree = "<group>"; };
		0AC9B08A2C4278DD0040FB28 /* NotoSansKR-Bold.ttf */ = {isa = PBXFileReference; lastKnownFileType = file; path = "NotoSansKR-Bold.ttf"; sourceTree = "<group>"; };
		0AC9B08C2C427D660040FB28 /* Image+.swift */ = {isa = PBXFileReference; lastKnownFileType = sourcecode.swift; path = "Image+.swift"; sourceTree = "<group>"; };
		3C7286A000034D1F020526EC /* Pods-Pet-ID-iOS.debug.xcconfig */ = {isa = PBXFileReference; includeInIndex = 1; lastKnownFileType = text.xcconfig; name = "Pods-Pet-ID-iOS.debug.xcconfig"; path = "Target Support Files/Pods-Pet-ID-iOS/Pods-Pet-ID-iOS.debug.xcconfig"; sourceTree = "<group>"; };
		8BE1E2477EE2103256707795 /* Pods-Pet-ID-iOS.release.xcconfig */ = {isa = PBXFileReference; includeInIndex = 1; lastKnownFileType = text.xcconfig; name = "Pods-Pet-ID-iOS.release.xcconfig"; path = "Target Support Files/Pods-Pet-ID-iOS/Pods-Pet-ID-iOS.release.xcconfig"; sourceTree = "<group>"; };
		EE708653717083BEEFB7716B /* Pods_Pet_ID_iOS.framework */ = {isa = PBXFileReference; explicitFileType = wrapper.framework; includeInIndex = 0; path = Pods_Pet_ID_iOS.framework; sourceTree = BUILT_PRODUCTS_DIR; };
		FA3584E72C49873C0019C46A /* Interface.swift */ = {isa = PBXFileReference; lastKnownFileType = sourcecode.swift; path = Interface.swift; sourceTree = "<group>"; };
		FA3584E92C49875E0019C46A /* ResultPublisher.swift */ = {isa = PBXFileReference; lastKnownFileType = sourcecode.swift; path = ResultPublisher.swift; sourceTree = "<group>"; };
		FA3F56BD2C4575CC0011969A /* IsEnablePetButton.swift */ = {isa = PBXFileReference; lastKnownFileType = sourcecode.swift; path = IsEnablePetButton.swift; sourceTree = "<group>"; };
		FA46F33D2C3EC503003CAC02 /* LoginButton.swift */ = {isa = PBXFileReference; lastKnownFileType = sourcecode.swift; path = LoginButton.swift; sourceTree = "<group>"; };
		FA46F3462C3EC977003CAC02 /* Color+.swift */ = {isa = PBXFileReference; lastKnownFileType = sourcecode.swift; path = "Color+.swift"; sourceTree = "<group>"; };
		FA46F3492C3ED4C2003CAC02 /* BaseViewModel.swift */ = {isa = PBXFileReference; lastKnownFileType = sourcecode.swift; path = BaseViewModel.swift; sourceTree = "<group>"; };
		FA46F34C2C3F56FA003CAC02 /* UIWindow+.swift */ = {isa = PBXFileReference; lastKnownFileType = sourcecode.swift; path = "UIWindow+.swift"; sourceTree = "<group>"; };
		FA47EFBA2C53A34A000F6529 /* Configs.swift */ = {isa = PBXFileReference; lastKnownFileType = sourcecode.swift; path = Configs.swift; sourceTree = "<group>"; };
		FA52CADF2C4F76A3009EC228 /* Coordinator.swift */ = {isa = PBXFileReference; lastKnownFileType = sourcecode.swift; path = Coordinator.swift; sourceTree = "<group>"; };
		FA52CAE12C4FD6EE009EC228 /* CoordinatorFinishDelegate.swift */ = {isa = PBXFileReference; lastKnownFileType = sourcecode.swift; path = CoordinatorFinishDelegate.swift; sourceTree = "<group>"; };
		FA6E49E32C2C4EAA00F3C957 /* docs.swift */ = {isa = PBXFileReference; lastKnownFileType = sourcecode.swift; path = docs.swift; sourceTree = "<group>"; };
		FA6E49F62C2E3FEC00F3C957 /* AppDelegate.swift */ = {isa = PBXFileReference; lastKnownFileType = sourcecode.swift; path = AppDelegate.swift; sourceTree = "<group>"; };
		FA6E49F82C2E40A500F3C957 /* SceneDelegate.swift */ = {isa = PBXFileReference; lastKnownFileType = sourcecode.swift; path = SceneDelegate.swift; sourceTree = "<group>"; };
		FAB57C632C49D4F300F471F0 /* PetIdNotificationCenter.swift */ = {isa = PBXFileReference; lastKnownFileType = sourcecode.swift; path = PetIdNotificationCenter.swift; sourceTree = "<group>"; };
		FAB57C652C49D5A700F471F0 /* LogoutUseCase.swift */ = {isa = PBXFileReference; lastKnownFileType = sourcecode.swift; path = LogoutUseCase.swift; sourceTree = "<group>"; };
		FAC4CD412C49209400A3658A /* NetworkError.swift */ = {isa = PBXFileReference; lastKnownFileType = sourcecode.swift; path = NetworkError.swift; sourceTree = "<group>"; };
		FAC4CD432C49214D00A3658A /* ErrorModel.swift */ = {isa = PBXFileReference; lastKnownFileType = sourcecode.swift; path = ErrorModel.swift; sourceTree = "<group>"; };
		FAC4CD462C4921A400A3658A /* LoggAble.swift */ = {isa = PBXFileReference; lastKnownFileType = sourcecode.swift; path = LoggAble.swift; sourceTree = "<group>"; };
		FAC4CD482C49230000A3658A /* NetworkPlugin.swift */ = {isa = PBXFileReference; lastKnownFileType = sourcecode.swift; path = NetworkPlugin.swift; sourceTree = "<group>"; };
		FAC4CD4A2C4929C100A3658A /* TermsAgreementViewModel.swift */ = {isa = PBXFileReference; lastKnownFileType = sourcecode.swift; path = TermsAgreementViewModel.swift; sourceTree = "<group>"; };
		FAC4CD4D2C492D6500A3658A /* JoinRequestDTO.swift */ = {isa = PBXFileReference; lastKnownFileType = sourcecode.swift; path = JoinRequestDTO.swift; sourceTree = "<group>"; };
		FAC4CD4F2C492F3C00A3658A /* JoinResponseDTO.swift */ = {isa = PBXFileReference; lastKnownFileType = sourcecode.swift; path = JoinResponseDTO.swift; sourceTree = "<group>"; };
		FAC4CD512C49309700A3658A /* JoinUseCase.swift */ = {isa = PBXFileReference; lastKnownFileType = sourcecode.swift; path = JoinUseCase.swift; sourceTree = "<group>"; };
		FAC4CD532C49353F00A3658A /* Encodable+.swift */ = {isa = PBXFileReference; lastKnownFileType = sourcecode.swift; path = "Encodable+.swift"; sourceTree = "<group>"; };
		FAC4CD572C494C5600A3658A /* MainCoordinator.swift */ = {isa = PBXFileReference; lastKnownFileType = sourcecode.swift; path = MainCoordinator.swift; sourceTree = "<group>"; };
		FAC4CD5A2C4970E600A3658A /* TokenRefreshRequestDTO.swift */ = {isa = PBXFileReference; lastKnownFileType = sourcecode.swift; path = TokenRefreshRequestDTO.swift; sourceTree = "<group>"; };
		FADD57052C318CD700770AC6 /* SplashViewModel.swift */ = {isa = PBXFileReference; lastKnownFileType = sourcecode.swift; path = SplashViewModel.swift; sourceTree = "<group>"; };
		FADD57072C318D1F00770AC6 /* DefaultUserRepository.swift */ = {isa = PBXFileReference; lastKnownFileType = sourcecode.swift; path = DefaultUserRepository.swift; sourceTree = "<group>"; };
		FADD570A2C318DA300770AC6 /* Keychain.swift */ = {isa = PBXFileReference; lastKnownFileType = sourcecode.swift; path = Keychain.swift; sourceTree = "<group>"; };
		FADD570E2C318ECB00770AC6 /* KeychainProtocol.swift */ = {isa = PBXFileReference; lastKnownFileType = sourcecode.swift; path = KeychainProtocol.swift; sourceTree = "<group>"; };
		FADD57102C318EDF00770AC6 /* KeyChainManager.swift */ = {isa = PBXFileReference; lastKnownFileType = sourcecode.swift; path = KeyChainManager.swift; sourceTree = "<group>"; };
		FADD57132C318EFA00770AC6 /* Constants.swift */ = {isa = PBXFileReference; lastKnownFileType = sourcecode.swift; path = Constants.swift; sourceTree = "<group>"; };
		FADD57152C318F7200770AC6 /* KeychainManagerProtocol.swift */ = {isa = PBXFileReference; lastKnownFileType = sourcecode.swift; path = KeychainManagerProtocol.swift; sourceTree = "<group>"; };
		FADD57182C31914B00770AC6 /* Authorization.swift */ = {isa = PBXFileReference; lastKnownFileType = sourcecode.swift; path = Authorization.swift; sourceTree = "<group>"; };
		FADD571B2C3191B500770AC6 /* AuthorizationDTO.swift */ = {isa = PBXFileReference; lastKnownFileType = sourcecode.swift; path = AuthorizationDTO.swift; sourceTree = "<group>"; };
		FADD571E2C31922700770AC6 /* UserError.swift */ = {isa = PBXFileReference; lastKnownFileType = sourcecode.swift; path = UserError.swift; sourceTree = "<group>"; };
		FADD57242C3193B200770AC6 /* DIConatiner.swift */ = {isa = PBXFileReference; lastKnownFileType = sourcecode.swift; path = DIConatiner.swift; sourceTree = "<group>"; };
		FADD57282C31988500770AC6 /* AutoLoginUseCase.swift */ = {isa = PBXFileReference; lastKnownFileType = sourcecode.swift; path = AutoLoginUseCase.swift; sourceTree = "<group>"; };
		FADD572E2C319ECD00770AC6 /* Logger.swift */ = {isa = PBXFileReference; lastKnownFileType = sourcecode.swift; path = Logger.swift; sourceTree = "<group>"; };
		FADD57302C31A01400770AC6 /* UserRepositoryProtocol.swift */ = {isa = PBXFileReference; lastKnownFileType = sourcecode.swift; path = UserRepositoryProtocol.swift; sourceTree = "<group>"; };
		FADD57352C31A0A400770AC6 /* MainView.swift */ = {isa = PBXFileReference; lastKnownFileType = sourcecode.swift; path = MainView.swift; sourceTree = "<group>"; };
		FAE565E82C3C229600D77149 /* AppCoordinator.swift */ = {isa = PBXFileReference; lastKnownFileType = sourcecode.swift; path = AppCoordinator.swift; sourceTree = "<group>"; };
		FAE565EC2C3C275900D77149 /* SplashCoordinator.swift */ = {isa = PBXFileReference; lastKnownFileType = sourcecode.swift; path = SplashCoordinator.swift; sourceTree = "<group>"; };
		FAE565F52C3C328000D77149 /* LoginCoordinator.swift */ = {isa = PBXFileReference; lastKnownFileType = sourcecode.swift; path = LoginCoordinator.swift; sourceTree = "<group>"; };
		FAE565F82C3C328D00D77149 /* LoginMainView.swift */ = {isa = PBXFileReference; lastKnownFileType = sourcecode.swift; path = LoginMainView.swift; sourceTree = "<group>"; };
		FAE565FA2C3C329700D77149 /* LoginMainViewModel.swift */ = {isa = PBXFileReference; lastKnownFileType = sourcecode.swift; path = LoginMainViewModel.swift; sourceTree = "<group>"; };
		FAE566002C3C365300D77149 /* UserDefaultManager.swift */ = {isa = PBXFileReference; lastKnownFileType = sourcecode.swift; path = UserDefaultManager.swift; sourceTree = "<group>"; };
		FAE566032C3C384B00D77149 /* AccessibilityGuideView.swift */ = {isa = PBXFileReference; lastKnownFileType = sourcecode.swift; path = AccessibilityGuideView.swift; sourceTree = "<group>"; };
		FAE5660A2C3EAF6C00D77149 /* GoogleService-Info.plist */ = {isa = PBXFileReference; fileEncoding = 4; lastKnownFileType = text.plist.xml; path = "GoogleService-Info.plist"; sourceTree = "<group>"; };
		FAE5660C2C3EB68D00D77149 /* CameraAlbumManager.swift */ = {isa = PBXFileReference; lastKnownFileType = sourcecode.swift; path = CameraAlbumManager.swift; sourceTree = "<group>"; };
		FAF8E6E62C40C20600CA7145 /* AppleAuthProvider.swift */ = {isa = PBXFileReference; lastKnownFileType = sourcecode.swift; path = AppleAuthProvider.swift; sourceTree = "<group>"; };
		FAF8E6E82C40C70A00CA7145 /* Provider.swift */ = {isa = PBXFileReference; lastKnownFileType = sourcecode.swift; path = Provider.swift; sourceTree = "<group>"; };
		FAF8E6EA2C40C84300CA7145 /* NetworkEventLogger.swift */ = {isa = PBXFileReference; lastKnownFileType = sourcecode.swift; path = NetworkEventLogger.swift; sourceTree = "<group>"; };
		FAF8E6EC2C40CC1000CA7145 /* NetworkInterceptor.swift */ = {isa = PBXFileReference; lastKnownFileType = sourcecode.swift; path = NetworkInterceptor.swift; sourceTree = "<group>"; };
		FAF8E6F02C40D17E00CA7145 /* UserDefault.swift */ = {isa = PBXFileReference; lastKnownFileType = sourcecode.swift; path = UserDefault.swift; sourceTree = "<group>"; };
		FAF8E6F32C40D3C200CA7145 /* AuthAPI.swift */ = {isa = PBXFileReference; lastKnownFileType = sourcecode.swift; path = AuthAPI.swift; sourceTree = "<group>"; };
		FAF8E6F62C40D3FA00CA7145 /* APIConfigs.swift */ = {isa = PBXFileReference; lastKnownFileType = sourcecode.swift; path = APIConfigs.swift; sourceTree = "<group>"; };
		FAF8E6FA2C40D58700CA7145 /* BaseTargetType.swift */ = {isa = PBXFileReference; lastKnownFileType = sourcecode.swift; path = BaseTargetType.swift; sourceTree = "<group>"; };
		FAF8E6FD2C40D68D00CA7145 /* LoginRequestDTO.swift */ = {isa = PBXFileReference; lastKnownFileType = sourcecode.swift; path = LoginRequestDTO.swift; sourceTree = "<group>"; };
		FAF8E6FF2C40D7A700CA7145 /* OAuthType.swift */ = {isa = PBXFileReference; lastKnownFileType = sourcecode.swift; path = OAuthType.swift; sourceTree = "<group>"; };
		FAF8E7032C40D80100CA7145 /* OAuth.swift */ = {isa = PBXFileReference; lastKnownFileType = sourcecode.swift; path = OAuth.swift; sourceTree = "<group>"; };
		FAF8E7052C40E22B00CA7145 /* DefaultAuthRepository.swift */ = {isa = PBXFileReference; lastKnownFileType = sourcecode.swift; path = DefaultAuthRepository.swift; sourceTree = "<group>"; };
		FAF8E7082C40E27C00CA7145 /* AuthDataSource.swift */ = {isa = PBXFileReference; lastKnownFileType = sourcecode.swift; path = AuthDataSource.swift; sourceTree = "<group>"; };
		FAF8E70E2C40E3A200CA7145 /* LoginResponseDTO.swift */ = {isa = PBXFileReference; lastKnownFileType = sourcecode.swift; path = LoginResponseDTO.swift; sourceTree = "<group>"; };
		FAF8E7132C40EC4A00CA7145 /* AuthRepository.swift */ = {isa = PBXFileReference; lastKnownFileType = sourcecode.swift; path = AuthRepository.swift; sourceTree = "<group>"; };
		FAF8E7152C40EC7100CA7145 /* LoginUseCase.swift */ = {isa = PBXFileReference; lastKnownFileType = sourcecode.swift; path = LoginUseCase.swift; sourceTree = "<group>"; };
		FAF8E7182C41046200CA7145 /* CheckBox.swift */ = {isa = PBXFileReference; lastKnownFileType = sourcecode.swift; path = CheckBox.swift; sourceTree = "<group>"; };
		FAF8E71B2C410ADA00CA7145 /* UserServiceTerms.swift */ = {isa = PBXFileReference; lastKnownFileType = sourcecode.swift; path = UserServiceTerms.swift; sourceTree = "<group>"; };
		FAF8E71E2C410DB800CA7145 /* AggreementType.swift */ = {isa = PBXFileReference; lastKnownFileType = sourcecode.swift; path = AggreementType.swift; sourceTree = "<group>"; };
/* End PBXFileReference section */

/* Begin PBXFrameworksBuildPhase section */
		0A21CEDC2C0DE238005DD8E2 /* Frameworks */ = {
			isa = PBXFrameworksBuildPhase;
			buildActionMask = 2147483647;
			files = (
				FADD57022C318C2F00770AC6 /* Pods_Pet_ID_iOS.framework in Frameworks */,
			);
			runOnlyForDeploymentPostprocessing = 0;
		};
/* End PBXFrameworksBuildPhase section */

/* Begin PBXGroup section */
		0A08B15E2C5F7AA200267DE1 /* UserInfo */ = {
			isa = PBXGroup;
			children = (
				0A08B16A2C5FDF4D00267DE1 /* Coordinator */,
				0A55B92B2C0F371E00C98F16 /* UserInfo.swift */,
				0A08B15F2C5F7CF600267DE1 /* UserModel.swift */,
				0A08B1612C5F7D1D00267DE1 /* UserInfoViewModel.swift */,
			);
			path = UserInfo;
			sourceTree = "<group>";
		};
		0A08B1632C5FC98100267DE1 /* Coordinator */ = {
			isa = PBXGroup;
			children = (
				0A08B1642C5FC99A00267DE1 /* PetInfoCoordinator.swift */,
			);
			path = Coordinator;
			sourceTree = "<group>";
		};
		0A08B16A2C5FDF4D00267DE1 /* Coordinator */ = {
			isa = PBXGroup;
			children = (
				0A08B16F2C62157000267DE1 /* UserInfoCoordinator.swift */,
			);
			path = Coordinator;
			sourceTree = "<group>";
		};
		0A08B16B2C5FDF6800267DE1 /* Coordinator */ = {
			isa = PBXGroup;
			children = (
				0A08B1682C5FD11500267DE1 /* PetCaptionCoordinator.swift */,
			);
			path = Coordinator;
			sourceTree = "<group>";
		};
		0A08B16C2C6212CD00267DE1 /* Coordinator */ = {
			isa = PBXGroup;
			children = (
				0A08B16D2C6212DF00267DE1 /* PetCardCoordinator.swift */,
			);
			path = Coordinator;
			sourceTree = "<group>";
		};
		0A1069F62C1746F00031E230 /* Pet */ = {
			isa = PBXGroup;
			children = (
				0A40220E2C189E46007AA6D5 /* Registration */,
				0A40220D2C189E39007AA6D5 /* Complete */,
				0A40220C2C189DED007AA6D5 /* InformationCheck */,
				0A40220B2C189DE2007AA6D5 /* ScanCheck */,
				0A40220A2C189DC8007AA6D5 /* Sign */,
				0A4022092C189DC4007AA6D5 /* PetCaption */,
				0A4022082C189DB3007AA6D5 /* PetCardStart */,
				0A08B15E2C5F7AA200267DE1 /* UserInfo */,
				0A1069F72C1747000031E230 /* PetInfo */,
			);
			path = Pet;
			sourceTree = "<group>";
		};
		0A1069F72C1747000031E230 /* PetInfo */ = {
			isa = PBXGroup;
			children = (
				0A08B1632C5FC98100267DE1 /* Coordinator */,
				0A5C71A72C1094590079849C /* PetInfo.swift */,
				0A5D60372C5A726A009D656D /* PetInfoViewModel.swift */,
				0A5D603B2C5A88F9009D656D /* CustomField.swift */,
				0A5D603F2C5A8FEB009D656D /* GenderField.swift */,
			);
			path = PetInfo;
			sourceTree = "<group>";
		};
		0A21CED62C0DE238005DD8E2 = {
			isa = PBXGroup;
			children = (
				0A21CEE12C0DE238005DD8E2 /* Pet-ID-iOS */,
				0A21CEE02C0DE238005DD8E2 /* Products */,
				66D73F3999DD5E09F877CC39 /* Pods */,
				1FC2591F97EAEF2423DFA2D5 /* Frameworks */,
			);
			sourceTree = "<group>";
		};
		0A21CEE02C0DE238005DD8E2 /* Products */ = {
			isa = PBXGroup;
			children = (
				0A21CEDF2C0DE238005DD8E2 /* Pet-ID-iOS.app */,
			);
			name = Products;
			sourceTree = "<group>";
		};
		0A21CEE12C0DE238005DD8E2 /* Pet-ID-iOS */ = {
			isa = PBXGroup;
			children = (
				FA6E49EE2C2C500E00F3C957 /* App */,
				FA6E49ED2C2C500800F3C957 /* Resources */,
				FA46F33F2C3EC53C003CAC02 /* DSKit */,
				FA6E49DC2C2C4E4300F3C957 /* Core */,
				FA6E49DB2C2C4E4000F3C957 /* Data */,
				FA6E49D92C2C4E3B00F3C957 /* Domain */,
				FA6E49D82C2C4E3600F3C957 /* Presentation */,
				FA6E49DA2C2C4E3E00F3C957 /* Network */,
				0A21CEE82C0DE23A005DD8E2 /* Pet_ID_iOS.entitlements */,
				0A21CEE92C0DE23A005DD8E2 /* Preview Content */,
				0A21CF1D2C0DEFEB005DD8E2 /* LoginSuccess.swift */,
			);
			path = "Pet-ID-iOS";
			sourceTree = "<group>";
		};
		0A21CEE92C0DE23A005DD8E2 /* Preview Content */ = {
			isa = PBXGroup;
			children = (
				0A21CEEA2C0DE23A005DD8E2 /* Preview Assets.xcassets */,
			);
			path = "Preview Content";
			sourceTree = "<group>";
		};
		0A21CF0D2C0DE39D005DD8E2 /* AI */ = {
			isa = PBXGroup;
			children = (
				0A21CF0E2C0DE3AA005DD8E2 /* Test.swift */,
			);
			path = AI;
			sourceTree = "<group>";
		};
		0A21CF152C0DEBDF005DD8E2 /* Onboarding */ = {
			isa = PBXGroup;
			children = (
				0A21CF162C0DEBF1005DD8E2 /* ViewModel */,
				0A21CF172C0DEBFD005DD8E2 /* View */,
			);
			path = Onboarding;
			sourceTree = "<group>";
		};
		0A21CF162C0DEBF1005DD8E2 /* ViewModel */ = {
			isa = PBXGroup;
			children = (
				0A21CF212C0DF0E6005DD8E2 /* OnboardingViewModel.swift */,
			);
			path = ViewModel;
			sourceTree = "<group>";
		};
		0A21CF172C0DEBFD005DD8E2 /* View */ = {
			isa = PBXGroup;
			children = (
				0A21CF232C0DF0F6005DD8E2 /* OnboardingView.swift */,
			);
			path = View;
			sourceTree = "<group>";
		};
		0A21CF1A2C0DEC48005DD8E2 /* SplashFlow */ = {
			isa = PBXGroup;
			children = (
				0A5FE6962C45414F00B95F3C /* AccessibilityRight */,
				FAE565EC2C3C275900D77149 /* SplashCoordinator.swift */,
				FAE566052C3C385800D77149 /* Splash */,
				FAE566022C3C383400D77149 /* AccessibilityGuideView */,
			);
			path = SplashFlow;
			sourceTree = "<group>";
		};
		0A4022082C189DB3007AA6D5 /* PetCardStart */ = {
			isa = PBXGroup;
			children = (
				0A08B16C2C6212CD00267DE1 /* Coordinator */,
				0A1069F92C1747870031E230 /* PetCardStart.swift */,
				0A5D60432C5B6AC2009D656D /* PetCardStartViewModel.swift */,
			);
			path = PetCardStart;
			sourceTree = "<group>";
		};
		0A4022092C189DC4007AA6D5 /* PetCaption */ = {
			isa = PBXGroup;
			children = (
				0A08B16B2C5FDF6800267DE1 /* Coordinator */,
				0A1069FB2C1750B70031E230 /* PetCaption.swift */,
				0A08B1662C5FD04800267DE1 /* PetCaptionViewModel.swift */,
			);
			path = PetCaption;
			sourceTree = "<group>";
		};
		0A40220A2C189DC8007AA6D5 /* Sign */ = {
			isa = PBXGroup;
			children = (
				0A4022002C186CBD007AA6D5 /* Sign.swift */,
			);
			path = Sign;
			sourceTree = "<group>";
		};
		0A40220B2C189DE2007AA6D5 /* ScanCheck */ = {
			isa = PBXGroup;
			children = (
				0A4021FC2C1868DF007AA6D5 /* ScanCheck.swift */,
			);
			path = ScanCheck;
			sourceTree = "<group>";
		};
		0A40220C2C189DED007AA6D5 /* InformationCheck */ = {
			isa = PBXGroup;
			children = (
				0A4021FE2C186C44007AA6D5 /* InformationCheck.swift */,
			);
			path = InformationCheck;
			sourceTree = "<group>";
		};
		0A40220D2C189E39007AA6D5 /* Complete */ = {
			isa = PBXGroup;
			children = (
				0A4022022C1891BA007AA6D5 /* Complete.swift */,
			);
			path = Complete;
			sourceTree = "<group>";
		};
		0A40220E2C189E46007AA6D5 /* Registration */ = {
			isa = PBXGroup;
			children = (
				0A4022102C189E62007AA6D5 /* RegistrationSuccess */,
				0A40220F2C189E53007AA6D5 /* RegistrationInfo */,
			);
			path = Registration;
			sourceTree = "<group>";
		};
		0A40220F2C189E53007AA6D5 /* RegistrationInfo */ = {
			isa = PBXGroup;
			children = (
				0A4022042C189717007AA6D5 /* PetCardRegistration.swift */,
			);
			path = RegistrationInfo;
			sourceTree = "<group>";
		};
		0A4022102C189E62007AA6D5 /* RegistrationSuccess */ = {
			isa = PBXGroup;
			children = (
				0A4022062C189C4A007AA6D5 /* RegistrationSuccess.swift */,
			);
			path = RegistrationSuccess;
			sourceTree = "<group>";
		};
		0A5D60202C58C7C7009D656D /* Banner */ = {
			isa = PBXGroup;
			children = (
				0A5D60232C58C7E2009D656D /* Banner.swift */,
				0A5D602F2C58D731009D656D /* BannerViewModel.swift */,
			);
			path = Banner;
			sourceTree = "<group>";
		};
		0A5D60212C58C7CE009D656D /* Tab */ = {
			isa = PBXGroup;
			children = (
				0A5D60272C58CB0D009D656D /* Tab.swift */,
			);
			path = Tab;
			sourceTree = "<group>";
		};
		0A5D60222C58C7D4009D656D /* PetCard */ = {
			isa = PBXGroup;
			children = (
				0A5D60292C58CF7E009D656D /* PetCardView.swift */,
				0A5D602B2C58CFB6009D656D /* PetCardViewModel.swift */,
			);
			path = PetCard;
			sourceTree = "<group>";
		};
		0A5D60342C5A7166009D656D /* PetCard */ = {
			isa = PBXGroup;
			children = (
				0A5D60352C5A7194009D656D /* PetInfoRequestDTO.swift */,
			);
			path = PetCard;
			sourceTree = "<group>";
		};
		0A5FE6962C45414F00B95F3C /* AccessibilityRight */ = {
			isa = PBXGroup;
			children = (
				0A5FE6972C45416D00B95F3C /* AccessibilityRightView.swift */,
				0A5FE6992C45419300B95F3C /* AccessibilityRightViewModel.swift */,
				0A5FE69B2C4541A500B95F3C /* AccessibilityItemView.swift */,
			);
			path = AccessibilityRight;
			sourceTree = "<group>";
		};
		0A6668992C297DE100EB6E8D /* HospitalReservation */ = {
			isa = PBXGroup;
			children = (
				0A66689B2C297E1A00EB6E8D /* ReservationSuccess */,
			);
			path = HospitalReservation;
			sourceTree = "<group>";
		};
		0A66689B2C297E1A00EB6E8D /* ReservationSuccess */ = {
			isa = PBXGroup;
			children = (
				0A66689D2C297E3F00EB6E8D /* HospitalSuccess.swift */,
			);
			path = ReservationSuccess;
			sourceTree = "<group>";
		};
		0AC9B0812C4278990040FB28 /* Font */ = {
			isa = PBXGroup;
			children = (
				0AC9B0862C4278D30040FB28 /* NotoSansKR-Regular.ttf */,
				0AC9B0872C4278D30040FB28 /* NotoSansKR-SemiBold.ttf */,
				0AC9B08A2C4278DD0040FB28 /* NotoSansKR-Bold.ttf */,
			);
			path = Font;
			sourceTree = "<group>";
		};
		1FC2591F97EAEF2423DFA2D5 /* Frameworks */ = {
			isa = PBXGroup;
			children = (
				0A21CF102C0DE3E3005DD8E2 /* TensorFlowLite.framework */,
				EE708653717083BEEFB7716B /* Pods_Pet_ID_iOS.framework */,
			);
			name = Frameworks;
			sourceTree = "<group>";
		};
		66D73F3999DD5E09F877CC39 /* Pods */ = {
			isa = PBXGroup;
			children = (
				3C7286A000034D1F020526EC /* Pods-Pet-ID-iOS.debug.xcconfig */,
				8BE1E2477EE2103256707795 /* Pods-Pet-ID-iOS.release.xcconfig */,
			);
			path = Pods;
			sourceTree = "<group>";
		};
		FA3584E52C4987190019C46A /* Interface */ = {
			isa = PBXGroup;
			children = (
				FA3584E62C49871E0019C46A /* ViewModelResultProvidable */,
			);
			path = Interface;
			sourceTree = "<group>";
		};
		FA3584E62C49871E0019C46A /* ViewModelResultProvidable */ = {
			isa = PBXGroup;
			children = (
				FA3584E72C49873C0019C46A /* Interface.swift */,
				FA3584E92C49875E0019C46A /* ResultPublisher.swift */,
			);
			path = ViewModelResultProvidable;
			sourceTree = "<group>";
		};
		FA3F56B62C4569870011969A /* TermsAgreement */ = {
			isa = PBXGroup;
			children = (
				0A21CF252C0DF131005DD8E2 /* TermsAgreementView.swift */,
				FAC4CD4A2C4929C100A3658A /* TermsAgreementViewModel.swift */,
			);
			path = TermsAgreement;
			sourceTree = "<group>";
		};
		FA46F33B2C3EC4ED003CAC02 /* LoginMain */ = {
			isa = PBXGroup;
			children = (
				FA46F33C2C3EC4F9003CAC02 /* View */,
				FAE565F82C3C328D00D77149 /* LoginMainView.swift */,
				FAE565FA2C3C329700D77149 /* LoginMainViewModel.swift */,
			);
			path = LoginMain;
			sourceTree = "<group>";
		};
		FA46F33C2C3EC4F9003CAC02 /* View */ = {
			isa = PBXGroup;
			children = (
			);
			path = View;
			sourceTree = "<group>";
		};
		FA46F33F2C3EC53C003CAC02 /* DSKit */ = {
			isa = PBXGroup;
			children = (
				0AC9B0812C4278990040FB28 /* Font */,
				FA46F3452C3EC96F003CAC02 /* Extension */,
				FA46F3402C3EC556003CAC02 /* Buttons */,
			);
			path = DSKit;
			sourceTree = "<group>";
		};
		FA46F3402C3EC556003CAC02 /* Buttons */ = {
			isa = PBXGroup;
			children = (
				FA46F33D2C3EC503003CAC02 /* LoginButton.swift */,
				FAF8E7182C41046200CA7145 /* CheckBox.swift */,
				FA3F56BD2C4575CC0011969A /* IsEnablePetButton.swift */,
			);
			path = Buttons;
			sourceTree = "<group>";
		};
		FA46F3422C3EC571003CAC02 /* Auth */ = {
			isa = PBXGroup;
			children = (
				FAF8E7012C40D7C400CA7145 /* Enum */,
				FADD57182C31914B00770AC6 /* Authorization.swift */,
				FAF8E7032C40D80100CA7145 /* OAuth.swift */,
			);
			path = Auth;
			sourceTree = "<group>";
		};
		FA46F3452C3EC96F003CAC02 /* Extension */ = {
			isa = PBXGroup;
			children = (
				FA46F3462C3EC977003CAC02 /* Color+.swift */,
				0AC9B0842C4278B30040FB28 /* Font+.swift */,
				0AC9B08C2C427D660040FB28 /* Image+.swift */,
				0A5D60412C5B5DA9009D656D /* Date+.swift */,
			);
			path = Extension;
			sourceTree = "<group>";
		};
		FA46F3482C3ED4B2003CAC02 /* ViewModel */ = {
			isa = PBXGroup;
			children = (
				FA3584E52C4987190019C46A /* Interface */,
				FA46F3492C3ED4C2003CAC02 /* BaseViewModel.swift */,
			);
			path = ViewModel;
			sourceTree = "<group>";
		};
		FA46F34B2C3F56F1003CAC02 /* UIWindow+ */ = {
			isa = PBXGroup;
			children = (
				FA46F34C2C3F56FA003CAC02 /* UIWindow+.swift */,
			);
			path = "UIWindow+";
			sourceTree = "<group>";
		};
		FA6E49D82C2C4E3600F3C957 /* Presentation */ = {
			isa = PBXGroup;
			children = (
				FADD57322C31A09300770AC6 /* MainFlow */,
				0A6668992C297DE100EB6E8D /* HospitalReservation */,
				0A1069F62C1746F00031E230 /* Pet */,
				FADD57372C31A0DA00770AC6 /* LoginFlow */,
				0A21CF1A2C0DEC48005DD8E2 /* SplashFlow */,
				0A21CF152C0DEBDF005DD8E2 /* Onboarding */,
				0A21CF0D2C0DE39D005DD8E2 /* AI */,
			);
			path = Presentation;
			sourceTree = "<group>";
		};
		FA6E49D92C2C4E3B00F3C957 /* Domain */ = {
			isa = PBXGroup;
			children = (
				FADD57172C31913B00770AC6 /* Model */,
				FA6E49DF2C2C4E7500F3C957 /* Repository */,
				FA6E49DE2C2C4E7200F3C957 /* UseCase */,
			);
			path = Domain;
			sourceTree = "<group>";
		};
		FA6E49DA2C2C4E3E00F3C957 /* Network */ = {
			isa = PBXGroup;
			children = (
				FAF8E6EE2C40D0E000CA7145 /* Provider */,
			);
			path = Network;
			sourceTree = "<group>";
		};
		FA6E49DB2C2C4E4000F3C957 /* Data */ = {
			isa = PBXGroup;
			children = (
				FADD571A2C3191AB00770AC6 /* DTO */,
				FAF8E6F92C40D57700CA7145 /* API */,
				FAF8E7072C40E26000CA7145 /* Remote */,
				FADD57092C318D9C00770AC6 /* Local */,
				FA6E49E22C2C4E8400F3C957 /* Repository */,
			);
			path = Data;
			sourceTree = "<group>";
		};
		FA6E49DC2C2C4E4300F3C957 /* Core */ = {
			isa = PBXGroup;
			children = (
				FAB57C622C49D42700F471F0 /* PetIDNotificationCenter */,
				FAF8E6EF2C40D16800CA7145 /* UserDefaults */,
				FAF8E6E52C40C1F200CA7145 /* AuthProvider */,
				FAE565FF2C3C363A00D77149 /* Manager */,
				FAE565EE2C3C280300D77149 /* Base */,
				FAE565DC2C3C1BB600D77149 /* Extension */,
				FAE565D82C3C1A3D00D77149 /* Coordinator */,
				FADD572D2C319EC800770AC6 /* Logger */,
				FADD57232C31939C00770AC6 /* DIConatiner */,
				FADD571D2C31921300770AC6 /* Error */,
			);
			path = Core;
			sourceTree = "<group>";
		};
		FA6E49DE2C2C4E7200F3C957 /* UseCase */ = {
			isa = PBXGroup;
			children = (
				FADD57282C31988500770AC6 /* AutoLoginUseCase.swift */,
				FAF8E7152C40EC7100CA7145 /* LoginUseCase.swift */,
				FAC4CD512C49309700A3658A /* JoinUseCase.swift */,
				FAB57C652C49D5A700F471F0 /* LogoutUseCase.swift */,
			);
			path = UseCase;
			sourceTree = "<group>";
		};
		FA6E49DF2C2C4E7500F3C957 /* Repository */ = {
			isa = PBXGroup;
			children = (
				FA6E49E02C2C4E7A00F3C957 /* Protocol */,
			);
			path = Repository;
			sourceTree = "<group>";
		};
		FA6E49E02C2C4E7A00F3C957 /* Protocol */ = {
			isa = PBXGroup;
			children = (
				FA6E49E32C2C4EAA00F3C957 /* docs.swift */,
				FADD57302C31A01400770AC6 /* UserRepositoryProtocol.swift */,
				FAF8E7132C40EC4A00CA7145 /* AuthRepository.swift */,
			);
			path = Protocol;
			sourceTree = "<group>";
		};
		FA6E49E22C2C4E8400F3C957 /* Repository */ = {
			isa = PBXGroup;
			children = (
				FADD57072C318D1F00770AC6 /* DefaultUserRepository.swift */,
				FAF8E7052C40E22B00CA7145 /* DefaultAuthRepository.swift */,
			);
			path = Repository;
			sourceTree = "<group>";
		};
		FA6E49ED2C2C500800F3C957 /* Resources */ = {
			isa = PBXGroup;
			children = (
				FAE5660A2C3EAF6C00D77149 /* GoogleService-Info.plist */,
				0AB4E1072C2B14BC006331B4 /* Info.plist */,
				0A21CEE62C0DE23A005DD8E2 /* Assets.xcassets */,
			);
			path = Resources;
			sourceTree = "<group>";
		};
		FA6E49EE2C2C500E00F3C957 /* App */ = {
			isa = PBXGroup;
			children = (
				FAF8E6F52C40D3EC00CA7145 /* Global */,
				FAE565EA2C3C234400D77149 /* Coordinator */,
				FADD57122C318EF000770AC6 /* Constant */,
				FA6E49F62C2E3FEC00F3C957 /* AppDelegate.swift */,
				FA6E49F82C2E40A500F3C957 /* SceneDelegate.swift */,
			);
			path = App;
			sourceTree = "<group>";
		};
		FAB57C622C49D42700F471F0 /* PetIDNotificationCenter */ = {
			isa = PBXGroup;
			children = (
				FAB57C632C49D4F300F471F0 /* PetIdNotificationCenter.swift */,
			);
			path = PetIDNotificationCenter;
			sourceTree = "<group>";
		};
		FAC4CD4C2C492D5D00A3658A /* Join */ = {
			isa = PBXGroup;
			children = (
				FAC4CD4D2C492D6500A3658A /* JoinRequestDTO.swift */,
				FAC4CD4F2C492F3C00A3658A /* JoinResponseDTO.swift */,
			);
			path = Join;
			sourceTree = "<group>";
		};
		FAC4CD552C49354100A3658A /* Foundation */ = {
			isa = PBXGroup;
			children = (
				FAC4CD532C49353F00A3658A /* Encodable+.swift */,
			);
			path = Foundation;
			sourceTree = "<group>";
		};
		FAC4CD562C494C4B00A3658A /* Coordinator */ = {
			isa = PBXGroup;
			children = (
				FAC4CD572C494C5600A3658A /* MainCoordinator.swift */,
			);
			path = Coordinator;
			sourceTree = "<group>";
		};
		FAC4CD592C4970D300A3658A /* Refresh */ = {
			isa = PBXGroup;
			children = (
				FAC4CD5A2C4970E600A3658A /* TokenRefreshRequestDTO.swift */,
			);
			path = Refresh;
			sourceTree = "<group>";
		};
		FADD57092C318D9C00770AC6 /* Local */ = {
			isa = PBXGroup;
			children = (
				FADD570D2C318EC200770AC6 /* Protocol */,
				FADD570A2C318DA300770AC6 /* Keychain.swift */,
				FADD57102C318EDF00770AC6 /* KeyChainManager.swift */,
			);
			path = Local;
			sourceTree = "<group>";
		};
		FADD570D2C318EC200770AC6 /* Protocol */ = {
			isa = PBXGroup;
			children = (
				FADD570E2C318ECB00770AC6 /* KeychainProtocol.swift */,
				FADD57152C318F7200770AC6 /* KeychainManagerProtocol.swift */,
			);
			path = Protocol;
			sourceTree = "<group>";
		};
		FADD57122C318EF000770AC6 /* Constant */ = {
			isa = PBXGroup;
			children = (
				FADD57132C318EFA00770AC6 /* Constants.swift */,
			);
			path = Constant;
			sourceTree = "<group>";
		};
		FADD57172C31913B00770AC6 /* Model */ = {
			isa = PBXGroup;
			children = (
				FAF8E71D2C410DA600CA7145 /* Aggreement */,
				FAF8E71A2C410ACE00CA7145 /* Terms */,
				FA46F3422C3EC571003CAC02 /* Auth */,
			);
			path = Model;
			sourceTree = "<group>";
		};
		FADD571A2C3191AB00770AC6 /* DTO */ = {
			isa = PBXGroup;
			children = (
				0A5D60342C5A7166009D656D /* PetCard */,
				FAF8E6FC2C40D65A00CA7145 /* Auth */,
			);
			path = DTO;
			sourceTree = "<group>";
		};
		FADD571D2C31921300770AC6 /* Error */ = {
			isa = PBXGroup;
			children = (
				FADD571E2C31922700770AC6 /* UserError.swift */,
			);
			path = Error;
			sourceTree = "<group>";
		};
		FADD57232C31939C00770AC6 /* DIConatiner */ = {
			isa = PBXGroup;
			children = (
				FADD57242C3193B200770AC6 /* DIConatiner.swift */,
			);
			path = DIConatiner;
			sourceTree = "<group>";
		};
		FADD572D2C319EC800770AC6 /* Logger */ = {
			isa = PBXGroup;
			children = (
				FADD572E2C319ECD00770AC6 /* Logger.swift */,
				FAC4CD462C4921A400A3658A /* LoggAble.swift */,
			);
			path = Logger;
			sourceTree = "<group>";
		};
		FADD57322C31A09300770AC6 /* MainFlow */ = {
			isa = PBXGroup;
			children = (
				0A5D60222C58C7D4009D656D /* PetCard */,
				0A5D60212C58C7CE009D656D /* Tab */,
				0A5D60202C58C7C7009D656D /* Banner */,
				FAC4CD562C494C4B00A3658A /* Coordinator */,
				FADD57332C31A09700770AC6 /* Main */,
			);
			path = MainFlow;
			sourceTree = "<group>";
		};
		FADD57332C31A09700770AC6 /* Main */ = {
			isa = PBXGroup;
			children = (
				FADD57352C31A0A400770AC6 /* MainView.swift */,
				0A5D601D2C58C638009D656D /* MainViewModel.swift */,
			);
			path = Main;
			sourceTree = "<group>";
		};
		FADD57372C31A0DA00770AC6 /* LoginFlow */ = {
			isa = PBXGroup;
			children = (
				FAE565F22C3C324000D77149 /* Coordinator */,
				FA46F33B2C3EC4ED003CAC02 /* LoginMain */,
				FA3F56B62C4569870011969A /* TermsAgreement */,
			);
			path = LoginFlow;
			sourceTree = "<group>";
		};
		FAE565D82C3C1A3D00D77149 /* Coordinator */ = {
			isa = PBXGroup;
			children = (
				FA52CADF2C4F76A3009EC228 /* Coordinator.swift */,
				FA52CAE12C4FD6EE009EC228 /* CoordinatorFinishDelegate.swift */,
			);
			path = Coordinator;
			sourceTree = "<group>";
		};
		FAE565DC2C3C1BB600D77149 /* Extension */ = {
			isa = PBXGroup;
			children = (
				FAC4CD552C49354100A3658A /* Foundation */,
				FA46F34B2C3F56F1003CAC02 /* UIWindow+ */,
			);
			path = Extension;
			sourceTree = "<group>";
		};
		FAE565EA2C3C234400D77149 /* Coordinator */ = {
			isa = PBXGroup;
			children = (
				FAE565E82C3C229600D77149 /* AppCoordinator.swift */,
			);
			path = Coordinator;
			sourceTree = "<group>";
		};
		FAE565EE2C3C280300D77149 /* Base */ = {
			isa = PBXGroup;
			children = (
				FA46F3482C3ED4B2003CAC02 /* ViewModel */,
			);
			path = Base;
			sourceTree = "<group>";
		};
		FAE565F22C3C324000D77149 /* Coordinator */ = {
			isa = PBXGroup;
			children = (
				FAE565F52C3C328000D77149 /* LoginCoordinator.swift */,
			);
			path = Coordinator;
			sourceTree = "<group>";
		};
		FAE565FF2C3C363A00D77149 /* Manager */ = {
			isa = PBXGroup;
			children = (
				FAE566002C3C365300D77149 /* UserDefaultManager.swift */,
				FAE5660C2C3EB68D00D77149 /* CameraAlbumManager.swift */,
			);
			path = Manager;
			sourceTree = "<group>";
		};
		FAE566022C3C383400D77149 /* AccessibilityGuideView */ = {
			isa = PBXGroup;
			children = (
				FAE566032C3C384B00D77149 /* AccessibilityGuideView.swift */,
			);
			path = AccessibilityGuideView;
			sourceTree = "<group>";
		};
		FAE566052C3C385800D77149 /* Splash */ = {
			isa = PBXGroup;
			children = (
				0A21CF1B2C0DEF8D005DD8E2 /* SplashView.swift */,
				FADD57052C318CD700770AC6 /* SplashViewModel.swift */,
			);
			path = Splash;
			sourceTree = "<group>";
		};
		FAF8E6E52C40C1F200CA7145 /* AuthProvider */ = {
			isa = PBXGroup;
			children = (
				FAF8E6E62C40C20600CA7145 /* AppleAuthProvider.swift */,
			);
			path = AuthProvider;
			sourceTree = "<group>";
		};
		FAF8E6EE2C40D0E000CA7145 /* Provider */ = {
			isa = PBXGroup;
			children = (
				FAF8E6FA2C40D58700CA7145 /* BaseTargetType.swift */,
				FAF8E6E82C40C70A00CA7145 /* Provider.swift */,
				FAF8E6EA2C40C84300CA7145 /* NetworkEventLogger.swift */,
				FAC4CD412C49209400A3658A /* NetworkError.swift */,
				FAC4CD432C49214D00A3658A /* ErrorModel.swift */,
				FAF8E6EC2C40CC1000CA7145 /* NetworkInterceptor.swift */,
				FAC4CD482C49230000A3658A /* NetworkPlugin.swift */,
			);
			path = Provider;
			sourceTree = "<group>";
		};
		FAF8E6EF2C40D16800CA7145 /* UserDefaults */ = {
			isa = PBXGroup;
			children = (
				FAF8E6F22C40D18300CA7145 /* PropertyWrapper */,
			);
			path = UserDefaults;
			sourceTree = "<group>";
		};
		FAF8E6F22C40D18300CA7145 /* PropertyWrapper */ = {
			isa = PBXGroup;
			children = (
				FAF8E6F02C40D17E00CA7145 /* UserDefault.swift */,
			);
			path = PropertyWrapper;
			sourceTree = "<group>";
		};
		FAF8E6F52C40D3EC00CA7145 /* Global */ = {
			isa = PBXGroup;
			children = (
				FAF8E6F82C40D46000CA7145 /* API */,
			);
			path = Global;
			sourceTree = "<group>";
		};
		FAF8E6F82C40D46000CA7145 /* API */ = {
			isa = PBXGroup;
			children = (
				FAF8E6F62C40D3FA00CA7145 /* APIConfigs.swift */,
				FA47EFBA2C53A34A000F6529 /* Configs.swift */,
			);
			path = API;
			sourceTree = "<group>";
		};
		FAF8E6F92C40D57700CA7145 /* API */ = {
			isa = PBXGroup;
			children = (
				FAF8E6F32C40D3C200CA7145 /* AuthAPI.swift */,
				0A5D60392C5A7439009D656D /* PetInfoAPI.swift */,
			);
			path = API;
			sourceTree = "<group>";
		};
		FAF8E6FC2C40D65A00CA7145 /* Auth */ = {
			isa = PBXGroup;
			children = (
				FAC4CD592C4970D300A3658A /* Refresh */,
				FAC4CD4C2C492D5D00A3658A /* Join */,
				FAF8E70C2C40E39400CA7145 /* Login */,
				FADD571B2C3191B500770AC6 /* AuthorizationDTO.swift */,
			);
			path = Auth;
			sourceTree = "<group>";
		};
		FAF8E7012C40D7C400CA7145 /* Enum */ = {
			isa = PBXGroup;
			children = (
				FAF8E6FF2C40D7A700CA7145 /* OAuthType.swift */,
			);
			path = Enum;
			sourceTree = "<group>";
		};
		FAF8E7072C40E26000CA7145 /* Remote */ = {
			isa = PBXGroup;
			children = (
				FAF8E7082C40E27C00CA7145 /* AuthDataSource.swift */,
			);
			path = Remote;
			sourceTree = "<group>";
		};
		FAF8E70C2C40E39400CA7145 /* Login */ = {
			isa = PBXGroup;
			children = (
				FAF8E6FD2C40D68D00CA7145 /* LoginRequestDTO.swift */,
				FAF8E70E2C40E3A200CA7145 /* LoginResponseDTO.swift */,
			);
			path = Login;
			sourceTree = "<group>";
		};
		FAF8E71A2C410ACE00CA7145 /* Terms */ = {
			isa = PBXGroup;
			children = (
				FAF8E71B2C410ADA00CA7145 /* UserServiceTerms.swift */,
			);
			path = Terms;
			sourceTree = "<group>";
		};
		FAF8E71D2C410DA600CA7145 /* Aggreement */ = {
			isa = PBXGroup;
			children = (
				FAF8E71E2C410DB800CA7145 /* AggreementType.swift */,
			);
			path = Aggreement;
			sourceTree = "<group>";
		};
/* End PBXGroup section */

/* Begin PBXNativeTarget section */
		0A21CEDE2C0DE238005DD8E2 /* Pet-ID-iOS */ = {
			isa = PBXNativeTarget;
			buildConfigurationList = 0A21CF042C0DE23A005DD8E2 /* Build configuration list for PBXNativeTarget "Pet-ID-iOS" */;
			buildPhases = (
				4F8118B9704660ACB069F28B /* [CP] Check Pods Manifest.lock */,
				0A21CEDB2C0DE238005DD8E2 /* Sources */,
				0A21CEDC2C0DE238005DD8E2 /* Frameworks */,
				0A21CEDD2C0DE238005DD8E2 /* Resources */,
				F03F13473EE25B949AA23595 /* [CP] Embed Pods Frameworks */,
				FADD57042C318C2F00770AC6 /* Embed Frameworks */,
				8233D2EA6DEDD054F16714F5 /* [CP] Copy Pods Resources */,
			);
			buildRules = (
			);
			dependencies = (
			);
			name = "Pet-ID-iOS";
			productName = "Pet-ID-iOS";
			productReference = 0A21CEDF2C0DE238005DD8E2 /* Pet-ID-iOS.app */;
			productType = "com.apple.product-type.application";
		};
/* End PBXNativeTarget section */

/* Begin PBXProject section */
		0A21CED72C0DE238005DD8E2 /* Project object */ = {
			isa = PBXProject;
			attributes = {
				BuildIndependentTargetsInParallel = 1;
				LastSwiftUpdateCheck = 1540;
				LastUpgradeCheck = 1540;
				TargetAttributes = {
					0A21CEDE2C0DE238005DD8E2 = {
						CreatedOnToolsVersion = 15.4;
					};
				};
			};
			buildConfigurationList = 0A21CEDA2C0DE238005DD8E2 /* Build configuration list for PBXProject "Pet-ID-iOS" */;
			compatibilityVersion = "Xcode 14.0";
			developmentRegion = en;
			hasScannedForEncodings = 0;
			knownRegions = (
				en,
				Base,
			);
			mainGroup = 0A21CED62C0DE238005DD8E2;
			productRefGroup = 0A21CEE02C0DE238005DD8E2 /* Products */;
			projectDirPath = "";
			projectRoot = "";
			targets = (
				0A21CEDE2C0DE238005DD8E2 /* Pet-ID-iOS */,
			);
		};
/* End PBXProject section */

/* Begin PBXResourcesBuildPhase section */
		0A21CEDD2C0DE238005DD8E2 /* Resources */ = {
			isa = PBXResourcesBuildPhase;
			buildActionMask = 2147483647;
			files = (
				0A21CEEB2C0DE23A005DD8E2 /* Preview Assets.xcassets in Resources */,
				0AC9B08B2C4278DD0040FB28 /* NotoSansKR-Bold.ttf in Resources */,
				0AC9B0892C4278D30040FB28 /* NotoSansKR-SemiBold.ttf in Resources */,
				0A21CEE72C0DE23A005DD8E2 /* Assets.xcassets in Resources */,
				FAE5660B2C3EAF6C00D77149 /* GoogleService-Info.plist in Resources */,
				0AC9B0882C4278D30040FB28 /* NotoSansKR-Regular.ttf in Resources */,
			);
			runOnlyForDeploymentPostprocessing = 0;
		};
/* End PBXResourcesBuildPhase section */

/* Begin PBXShellScriptBuildPhase section */
		4F8118B9704660ACB069F28B /* [CP] Check Pods Manifest.lock */ = {
			isa = PBXShellScriptBuildPhase;
			buildActionMask = 2147483647;
			files = (
			);
			inputFileListPaths = (
			);
			inputPaths = (
				"${PODS_PODFILE_DIR_PATH}/Podfile.lock",
				"${PODS_ROOT}/Manifest.lock",
			);
			name = "[CP] Check Pods Manifest.lock";
			outputFileListPaths = (
			);
			outputPaths = (
				"$(DERIVED_FILE_DIR)/Pods-Pet-ID-iOS-checkManifestLockResult.txt",
			);
			runOnlyForDeploymentPostprocessing = 0;
			shellPath = /bin/sh;
			shellScript = "diff \"${PODS_PODFILE_DIR_PATH}/Podfile.lock\" \"${PODS_ROOT}/Manifest.lock\" > /dev/null\nif [ $? != 0 ] ; then\n    # print error to STDERR\n    echo \"error: The sandbox is not in sync with the Podfile.lock. Run 'pod install' or update your CocoaPods installation.\" >&2\n    exit 1\nfi\n# This output is used by Xcode 'outputs' to avoid re-running this script phase.\necho \"SUCCESS\" > \"${SCRIPT_OUTPUT_FILE_0}\"\n";
			showEnvVarsInLog = 0;
		};
		8233D2EA6DEDD054F16714F5 /* [CP] Copy Pods Resources */ = {
			isa = PBXShellScriptBuildPhase;
			buildActionMask = 2147483647;
			files = (
			);
			inputFileListPaths = (
				"${PODS_ROOT}/Target Support Files/Pods-Pet-ID-iOS/Pods-Pet-ID-iOS-resources-${CONFIGURATION}-input-files.xcfilelist",
			);
			name = "[CP] Copy Pods Resources";
			outputFileListPaths = (
				"${PODS_ROOT}/Target Support Files/Pods-Pet-ID-iOS/Pods-Pet-ID-iOS-resources-${CONFIGURATION}-output-files.xcfilelist",
			);
			runOnlyForDeploymentPostprocessing = 0;
			shellPath = /bin/sh;
			shellScript = "\"${PODS_ROOT}/Target Support Files/Pods-Pet-ID-iOS/Pods-Pet-ID-iOS-resources.sh\"\n";
			showEnvVarsInLog = 0;
		};
		F03F13473EE25B949AA23595 /* [CP] Embed Pods Frameworks */ = {
			isa = PBXShellScriptBuildPhase;
			buildActionMask = 2147483647;
			files = (
			);
			inputFileListPaths = (
				"${PODS_ROOT}/Target Support Files/Pods-Pet-ID-iOS/Pods-Pet-ID-iOS-frameworks-${CONFIGURATION}-input-files.xcfilelist",
			);
			name = "[CP] Embed Pods Frameworks";
			outputFileListPaths = (
				"${PODS_ROOT}/Target Support Files/Pods-Pet-ID-iOS/Pods-Pet-ID-iOS-frameworks-${CONFIGURATION}-output-files.xcfilelist",
			);
			runOnlyForDeploymentPostprocessing = 0;
			shellPath = /bin/sh;
			shellScript = "\"${PODS_ROOT}/Target Support Files/Pods-Pet-ID-iOS/Pods-Pet-ID-iOS-frameworks.sh\"\n";
			showEnvVarsInLog = 0;
		};
/* End PBXShellScriptBuildPhase section */

/* Begin PBXSourcesBuildPhase section */
		0A21CEDB2C0DE238005DD8E2 /* Sources */ = {
			isa = PBXSourcesBuildPhase;
			buildActionMask = 2147483647;
			files = (
				0A5D602A2C58CF7E009D656D /* PetCardView.swift in Sources */,
				FAC4CD492C49230000A3658A /* NetworkPlugin.swift in Sources */,
				FA46F3472C3EC977003CAC02 /* Color+.swift in Sources */,
				FA46F34A2C3ED4C2003CAC02 /* BaseViewModel.swift in Sources */,
				FAC4CD4E2C492D6500A3658A /* JoinRequestDTO.swift in Sources */,
				FAF8E6EB2C40C84300CA7145 /* NetworkEventLogger.swift in Sources */,
				0A5D60362C5A7194009D656D /* PetInfoRequestDTO.swift in Sources */,
				0A4022012C186CBD007AA6D5 /* Sign.swift in Sources */,
				FAE566012C3C365300D77149 /* UserDefaultManager.swift in Sources */,
				FA6E49F72C2E3FEC00F3C957 /* AppDelegate.swift in Sources */,
				FAF8E71C2C410ADA00CA7145 /* UserServiceTerms.swift in Sources */,
				FAE565F92C3C328D00D77149 /* LoginMainView.swift in Sources */,
				FAF8E6F12C40D17E00CA7145 /* UserDefault.swift in Sources */,
				FA3584E82C49873C0019C46A /* Interface.swift in Sources */,
				FAF8E6E92C40C70A00CA7145 /* Provider.swift in Sources */,
				0A21CF262C0DF131005DD8E2 /* TermsAgreementView.swift in Sources */,
				0A5FE69A2C45419300B95F3C /* AccessibilityRightViewModel.swift in Sources */,
				0A21CF262C0DF131005DD8E2 /* TermsAgreementView.swift in Sources */,
				FAF8E70F2C40E3A200CA7145 /* LoginResponseDTO.swift in Sources */,
				FAC4CD502C492F3C00A3658A /* JoinResponseDTO.swift in Sources */,
				0A21CF1E2C0DEFEB005DD8E2 /* LoginSuccess.swift in Sources */,
				FADD57112C318EDF00770AC6 /* KeyChainManager.swift in Sources */,
				FA46F34D2C3F56FA003CAC02 /* UIWindow+.swift in Sources */,
				FAF8E7192C41046200CA7145 /* CheckBox.swift in Sources */,
				FADD57362C31A0A400770AC6 /* MainView.swift in Sources */,
				FA3584EA2C49875E0019C46A /* ResultPublisher.swift in Sources */,
				FAC4CD442C49214D00A3658A /* ErrorModel.swift in Sources */,
				0A4022032C1891BA007AA6D5 /* Complete.swift in Sources */,
				0A1069FC2C1750B70031E230 /* PetCaption.swift in Sources */,
				FA47EFBB2C53A34A000F6529 /* Configs.swift in Sources */,
				FAC4CD4B2C4929C100A3658A /* TermsAgreementViewModel.swift in Sources */,
				FAF8E6FB2C40D58700CA7145 /* BaseTargetType.swift in Sources */,
				FAC4CD472C4921A400A3658A /* LoggAble.swift in Sources */,
				0A5D602C2C58CFB6009D656D /* PetCardViewModel.swift in Sources */,
				0A08B1702C62157000267DE1 /* UserInfoCoordinator.swift in Sources */,
				FADD57252C3193B200770AC6 /* DIConatiner.swift in Sources */,
				FAE5660D2C3EB68D00D77149 /* CameraAlbumManager.swift in Sources */,
				0A4021FF2C186C44007AA6D5 /* InformationCheck.swift in Sources */,
				0A5C71A82C1094590079849C /* PetInfo.swift in Sources */,
				0A5FE6982C45416D00B95F3C /* AccessibilityRightView.swift in Sources */,
				0A08B1672C5FD04900267DE1 /* PetCaptionViewModel.swift in Sources */,
				FADD57312C31A01400770AC6 /* UserRepositoryProtocol.swift in Sources */,
				0A5D60282C58CB0D009D656D /* Tab.swift in Sources */,
				FA6E49F92C2E40A500F3C957 /* SceneDelegate.swift in Sources */,
				0A1069FA2C1747870031E230 /* PetCardStart.swift in Sources */,
				0A08B1602C5F7CF600267DE1 /* UserModel.swift in Sources */,
				FADD57062C318CD700770AC6 /* SplashViewModel.swift in Sources */,
				FAC4CD422C49209400A3658A /* NetworkError.swift in Sources */,
				FADD57082C318D1F00770AC6 /* DefaultUserRepository.swift in Sources */,
				0A5D603A2C5A7439009D656D /* PetInfoAPI.swift in Sources */,
				FAC4CD582C494C5600A3658A /* MainCoordinator.swift in Sources */,
				0A21CF1C2C0DEF8D005DD8E2 /* SplashView.swift in Sources */,
				0A5D60242C58C7E2009D656D /* Banner.swift in Sources */,
				FADD571C2C3191B500770AC6 /* AuthorizationDTO.swift in Sources */,
				0A5D603C2C5A88F9009D656D /* CustomField.swift in Sources */,
				FAF8E6ED2C40CC1000CA7145 /* NetworkInterceptor.swift in Sources */,
				FA52CAE22C4FD6EE009EC228 /* CoordinatorFinishDelegate.swift in Sources */,
				0AC9B0852C4278B30040FB28 /* Font+.swift in Sources */,
				FA6E49E42C2C4EAA00F3C957 /* docs.swift in Sources */,
				FADD572F2C319ECD00770AC6 /* Logger.swift in Sources */,
				FAF8E6FE2C40D68D00CA7145 /* LoginRequestDTO.swift in Sources */,
				FAF8E6F72C40D3FA00CA7145 /* APIConfigs.swift in Sources */,
				0A5D60442C5B6AC2009D656D /* PetCardStartViewModel.swift in Sources */,
				FAF8E7042C40D80100CA7145 /* OAuth.swift in Sources */,
				FADD57192C31914B00770AC6 /* Authorization.swift in Sources */,
				0A4022072C189C4A007AA6D5 /* RegistrationSuccess.swift in Sources */,
				FAE565FB2C3C329700D77149 /* LoginMainViewModel.swift in Sources */,
				FADD570B2C318DA300770AC6 /* Keychain.swift in Sources */,
				0A4022052C189717007AA6D5 /* PetCardRegistration.swift in Sources */,
				FAC4CD542C49353F00A3658A /* Encodable+.swift in Sources */,
				FADD57162C318F7200770AC6 /* KeychainManagerProtocol.swift in Sources */,
				FADD57292C31988500770AC6 /* AutoLoginUseCase.swift in Sources */,
				FAF8E7142C40EC4A00CA7145 /* AuthRepository.swift in Sources */,
				FAF8E7092C40E27C00CA7145 /* AuthDataSource.swift in Sources */,
				FA52CAE02C4F76A3009EC228 /* Coordinator.swift in Sources */,
				0A5D60422C5B5DA9009D656D /* Date+.swift in Sources */,
				FAE565F62C3C328000D77149 /* LoginCoordinator.swift in Sources */,
				0A5D60382C5A726A009D656D /* PetInfoViewModel.swift in Sources */,
				FAF8E7162C40EC7100CA7145 /* LoginUseCase.swift in Sources */,
				0A5FE69C2C4541A500B95F3C /* AccessibilityItemView.swift in Sources */,
				0A5D601E2C58C638009D656D /* MainViewModel.swift in Sources */,
				0A5D60302C58D731009D656D /* BannerViewModel.swift in Sources */,
				FADD57142C318EFA00770AC6 /* Constants.swift in Sources */,
				0A5D60402C5A8FEB009D656D /* GenderField.swift in Sources */,
				0A21CF242C0DF0F6005DD8E2 /* OnboardingView.swift in Sources */,
				0A08B16E2C6212DF00267DE1 /* PetCardCoordinator.swift in Sources */,
				FAB57C642C49D4F300F471F0 /* PetIdNotificationCenter.swift in Sources */,
				FA3F56BE2C4575CC0011969A /* IsEnablePetButton.swift in Sources */,
				0A08B1622C5F7D1E00267DE1 /* UserInfoViewModel.swift in Sources */,
				FAC4CD522C49309700A3658A /* JoinUseCase.swift in Sources */,
				FA46F33E2C3EC503003CAC02 /* LoginButton.swift in Sources */,
				0A21CF222C0DF0E6005DD8E2 /* OnboardingViewModel.swift in Sources */,
				FAF8E6E72C40C20600CA7145 /* AppleAuthProvider.swift in Sources */,
				FAF8E7002C40D7A700CA7145 /* OAuthType.swift in Sources */,
				FAF8E71F2C410DB800CA7145 /* AggreementType.swift in Sources */,
				0A4021FD2C1868DF007AA6D5 /* ScanCheck.swift in Sources */,
				FADD571F2C31922700770AC6 /* UserError.swift in Sources */,
				FADD570F2C318ECB00770AC6 /* KeychainProtocol.swift in Sources */,
				FAC4CD5B2C4970E600A3658A /* TokenRefreshRequestDTO.swift in Sources */,
				0A08B1692C5FD11500267DE1 /* PetCaptionCoordinator.swift in Sources */,
				0A08B1652C5FC99A00267DE1 /* PetInfoCoordinator.swift in Sources */,
				0A55B92C2C0F371E00C98F16 /* UserInfo.swift in Sources */,
				0A21CF0F2C0DE3AA005DD8E2 /* Test.swift in Sources */,
				FAF8E6F42C40D3C200CA7145 /* AuthAPI.swift in Sources */,
				FAE565ED2C3C275900D77149 /* SplashCoordinator.swift in Sources */,
				FAE566042C3C384B00D77149 /* AccessibilityGuideView.swift in Sources */,
				FAF8E7062C40E22B00CA7145 /* DefaultAuthRepository.swift in Sources */,
				FAB57C662C49D5A700F471F0 /* LogoutUseCase.swift in Sources */,
				0AC9B08D2C427D660040FB28 /* Image+.swift in Sources */,
				0A66689E2C297E3F00EB6E8D /* HospitalSuccess.swift in Sources */,
				FAE565E92C3C229600D77149 /* AppCoordinator.swift in Sources */,
			);
			runOnlyForDeploymentPostprocessing = 0;
		};
/* End PBXSourcesBuildPhase section */

/* Begin XCBuildConfiguration section */
		0A21CF022C0DE23A005DD8E2 /* Debug */ = {
			isa = XCBuildConfiguration;
			buildSettings = {
				ALWAYS_SEARCH_USER_PATHS = NO;
				ASSETCATALOG_COMPILER_GENERATE_SWIFT_ASSET_SYMBOL_EXTENSIONS = YES;
				CLANG_ANALYZER_NONNULL = YES;
				CLANG_ANALYZER_NUMBER_OBJECT_CONVERSION = YES_AGGRESSIVE;
				CLANG_CXX_LANGUAGE_STANDARD = "gnu++20";
				CLANG_ENABLE_MODULES = YES;
				CLANG_ENABLE_OBJC_ARC = YES;
				CLANG_ENABLE_OBJC_WEAK = YES;
				CLANG_WARN_BLOCK_CAPTURE_AUTORELEASING = YES;
				CLANG_WARN_BOOL_CONVERSION = YES;
				CLANG_WARN_COMMA = YES;
				CLANG_WARN_CONSTANT_CONVERSION = YES;
				CLANG_WARN_DEPRECATED_OBJC_IMPLEMENTATIONS = YES;
				CLANG_WARN_DIRECT_OBJC_ISA_USAGE = YES_ERROR;
				CLANG_WARN_DOCUMENTATION_COMMENTS = YES;
				CLANG_WARN_EMPTY_BODY = YES;
				CLANG_WARN_ENUM_CONVERSION = YES;
				CLANG_WARN_INFINITE_RECURSION = YES;
				CLANG_WARN_INT_CONVERSION = YES;
				CLANG_WARN_NON_LITERAL_NULL_CONVERSION = YES;
				CLANG_WARN_OBJC_IMPLICIT_RETAIN_SELF = YES;
				CLANG_WARN_OBJC_LITERAL_CONVERSION = YES;
				CLANG_WARN_OBJC_ROOT_CLASS = YES_ERROR;
				CLANG_WARN_QUOTED_INCLUDE_IN_FRAMEWORK_HEADER = YES;
				CLANG_WARN_RANGE_LOOP_ANALYSIS = YES;
				CLANG_WARN_STRICT_PROTOTYPES = YES;
				CLANG_WARN_SUSPICIOUS_MOVE = YES;
				CLANG_WARN_UNGUARDED_AVAILABILITY = YES_AGGRESSIVE;
				CLANG_WARN_UNREACHABLE_CODE = YES;
				CLANG_WARN__DUPLICATE_METHOD_MATCH = YES;
				COPY_PHASE_STRIP = NO;
				DEBUG_INFORMATION_FORMAT = dwarf;
				ENABLE_STRICT_OBJC_MSGSEND = YES;
				ENABLE_TESTABILITY = YES;
				ENABLE_USER_SCRIPT_SANDBOXING = YES;
				GCC_C_LANGUAGE_STANDARD = gnu17;
				GCC_DYNAMIC_NO_PIC = NO;
				GCC_NO_COMMON_BLOCKS = YES;
				GCC_OPTIMIZATION_LEVEL = 0;
				GCC_PREPROCESSOR_DEFINITIONS = (
					"DEBUG=1",
					"$(inherited)",
				);
				GCC_WARN_64_TO_32_BIT_CONVERSION = YES;
				GCC_WARN_ABOUT_RETURN_TYPE = YES_ERROR;
				GCC_WARN_UNDECLARED_SELECTOR = YES;
				GCC_WARN_UNINITIALIZED_AUTOS = YES_AGGRESSIVE;
				GCC_WARN_UNUSED_FUNCTION = YES;
				GCC_WARN_UNUSED_VARIABLE = YES;
				LOCALIZATION_PREFERS_STRING_CATALOGS = YES;
				MTL_ENABLE_DEBUG_INFO = INCLUDE_SOURCE;
				MTL_FAST_MATH = YES;
				ONLY_ACTIVE_ARCH = YES;
				SWIFT_ACTIVE_COMPILATION_CONDITIONS = "DEBUG $(inherited)";
				SWIFT_OPTIMIZATION_LEVEL = "-Onone";
			};
			name = Debug;
		};
		0A21CF032C0DE23A005DD8E2 /* Release */ = {
			isa = XCBuildConfiguration;
			buildSettings = {
				ALWAYS_SEARCH_USER_PATHS = NO;
				ASSETCATALOG_COMPILER_GENERATE_SWIFT_ASSET_SYMBOL_EXTENSIONS = YES;
				CLANG_ANALYZER_NONNULL = YES;
				CLANG_ANALYZER_NUMBER_OBJECT_CONVERSION = YES_AGGRESSIVE;
				CLANG_CXX_LANGUAGE_STANDARD = "gnu++20";
				CLANG_ENABLE_MODULES = YES;
				CLANG_ENABLE_OBJC_ARC = YES;
				CLANG_ENABLE_OBJC_WEAK = YES;
				CLANG_WARN_BLOCK_CAPTURE_AUTORELEASING = YES;
				CLANG_WARN_BOOL_CONVERSION = YES;
				CLANG_WARN_COMMA = YES;
				CLANG_WARN_CONSTANT_CONVERSION = YES;
				CLANG_WARN_DEPRECATED_OBJC_IMPLEMENTATIONS = YES;
				CLANG_WARN_DIRECT_OBJC_ISA_USAGE = YES_ERROR;
				CLANG_WARN_DOCUMENTATION_COMMENTS = YES;
				CLANG_WARN_EMPTY_BODY = YES;
				CLANG_WARN_ENUM_CONVERSION = YES;
				CLANG_WARN_INFINITE_RECURSION = YES;
				CLANG_WARN_INT_CONVERSION = YES;
				CLANG_WARN_NON_LITERAL_NULL_CONVERSION = YES;
				CLANG_WARN_OBJC_IMPLICIT_RETAIN_SELF = YES;
				CLANG_WARN_OBJC_LITERAL_CONVERSION = YES;
				CLANG_WARN_OBJC_ROOT_CLASS = YES_ERROR;
				CLANG_WARN_QUOTED_INCLUDE_IN_FRAMEWORK_HEADER = YES;
				CLANG_WARN_RANGE_LOOP_ANALYSIS = YES;
				CLANG_WARN_STRICT_PROTOTYPES = YES;
				CLANG_WARN_SUSPICIOUS_MOVE = YES;
				CLANG_WARN_UNGUARDED_AVAILABILITY = YES_AGGRESSIVE;
				CLANG_WARN_UNREACHABLE_CODE = YES;
				CLANG_WARN__DUPLICATE_METHOD_MATCH = YES;
				COPY_PHASE_STRIP = NO;
				DEBUG_INFORMATION_FORMAT = "dwarf-with-dsym";
				ENABLE_NS_ASSERTIONS = NO;
				ENABLE_STRICT_OBJC_MSGSEND = YES;
				ENABLE_USER_SCRIPT_SANDBOXING = YES;
				GCC_C_LANGUAGE_STANDARD = gnu17;
				GCC_NO_COMMON_BLOCKS = YES;
				GCC_WARN_64_TO_32_BIT_CONVERSION = YES;
				GCC_WARN_ABOUT_RETURN_TYPE = YES_ERROR;
				GCC_WARN_UNDECLARED_SELECTOR = YES;
				GCC_WARN_UNINITIALIZED_AUTOS = YES_AGGRESSIVE;
				GCC_WARN_UNUSED_FUNCTION = YES;
				GCC_WARN_UNUSED_VARIABLE = YES;
				LOCALIZATION_PREFERS_STRING_CATALOGS = YES;
				MTL_ENABLE_DEBUG_INFO = NO;
				MTL_FAST_MATH = YES;
				SWIFT_COMPILATION_MODE = wholemodule;
				SWIFT_OPTIMIZATION_LEVEL = "-Onone";
			};
			name = Release;
		};
		0A21CF052C0DE23A005DD8E2 /* Debug */ = {
			isa = XCBuildConfiguration;
			baseConfigurationReference = 3C7286A000034D1F020526EC /* Pods-Pet-ID-iOS.debug.xcconfig */;
			buildSettings = {
				ARCHS = "$(ARCHS_STANDARD)";
				ASSETCATALOG_COMPILER_APPICON_NAME = AppIcon;
				ASSETCATALOG_COMPILER_GLOBAL_ACCENT_COLOR_NAME = AccentColor;
				CODE_SIGN_ENTITLEMENTS = "Pet-ID-iOS/Pet_ID_iOS.entitlements";
				CODE_SIGN_IDENTITY = "Apple Development";
				CODE_SIGN_STYLE = Automatic;
				CURRENT_PROJECT_VERSION = 1;
				DEVELOPMENT_ASSET_PATHS = "\"Pet-ID-iOS/Preview Content\"";
				DEVELOPMENT_TEAM = 5QNWYK9LQY;
				ENABLE_HARDENED_RUNTIME = YES;
				ENABLE_PREVIEWS = YES;
				ENABLE_USER_SCRIPT_SANDBOXING = NO;
				GENERATE_INFOPLIST_FILE = YES;
				INFOPLIST_FILE = "Pet-ID-iOS/Resources/Info.plist";
				INFOPLIST_KEY_LSApplicationCategoryType = "";
				INFOPLIST_KEY_NSCameraUsageDescription = "카메라 접근 권한";
				INFOPLIST_KEY_NSPhotoLibraryUsageDescription = "앨범 접근 권한";
				"INFOPLIST_KEY_UIApplicationSceneManifest_Generation[sdk=iphoneos*]" = YES;
				"INFOPLIST_KEY_UIApplicationSceneManifest_Generation[sdk=iphonesimulator*]" = YES;
				"INFOPLIST_KEY_UIApplicationSupportsIndirectInputEvents[sdk=iphoneos*]" = YES;
				"INFOPLIST_KEY_UIApplicationSupportsIndirectInputEvents[sdk=iphonesimulator*]" = YES;
				"INFOPLIST_KEY_UILaunchScreen_Generation[sdk=iphoneos*]" = YES;
				"INFOPLIST_KEY_UILaunchScreen_Generation[sdk=iphonesimulator*]" = YES;
				"INFOPLIST_KEY_UIStatusBarStyle[sdk=iphoneos*]" = UIStatusBarStyleDefault;
				"INFOPLIST_KEY_UIStatusBarStyle[sdk=iphonesimulator*]" = UIStatusBarStyleDefault;
				INFOPLIST_KEY_UISupportedInterfaceOrientations_iPad = "UIInterfaceOrientationPortrait UIInterfaceOrientationPortraitUpsideDown UIInterfaceOrientationLandscapeLeft UIInterfaceOrientationLandscapeRight";
				INFOPLIST_KEY_UISupportedInterfaceOrientations_iPhone = "UIInterfaceOrientationPortrait UIInterfaceOrientationLandscapeLeft UIInterfaceOrientationLandscapeRight";
				IPHONEOS_DEPLOYMENT_TARGET = 15.0;
				LD_RUNPATH_SEARCH_PATHS = "@executable_path/Frameworks";
				"LD_RUNPATH_SEARCH_PATHS[sdk=macosx*]" = "@executable_path/../Frameworks";
				MACOSX_DEPLOYMENT_TARGET = 14.3;
				MARKETING_VERSION = 1.0;
				OTHER_LDFLAGS = (
					"$(inherited)",
					"-framework",
					"\"Alamofire\"",
					"-framework",
					"\"CFNetwork\"",
					"-framework",
					"\"CocoaLumberjack\"",
					"-framework",
					"\"Combine\"",
					"-framework",
					"\"Toast_Swift\"",
					"-framework",
					"\"Moya\"",
					"-framework",
					"\"QuartzCore\"",
					"-framework",
					"\"Foundation\"",
				);
				PRODUCT_BUNDLE_IDENTIFIER = "com.pet-id-iOS";
				PRODUCT_NAME = "$(TARGET_NAME)";
				PROVISIONING_PROFILE_SPECIFIER = "";
				SDKROOT = iphoneos;
				SUPPORTED_PLATFORMS = "iphoneos iphonesimulator";
				SUPPORTS_MACCATALYST = NO;
				SWIFT_EMIT_LOC_STRINGS = YES;
				SWIFT_VERSION = 5.0;
				TARGETED_DEVICE_FAMILY = "1,2";
			};
			name = Debug;
		};
		0A21CF062C0DE23A005DD8E2 /* Release */ = {
			isa = XCBuildConfiguration;
			baseConfigurationReference = 8BE1E2477EE2103256707795 /* Pods-Pet-ID-iOS.release.xcconfig */;
			buildSettings = {
				ARCHS = "$(ARCHS_STANDARD)";
				ASSETCATALOG_COMPILER_APPICON_NAME = AppIcon;
				ASSETCATALOG_COMPILER_GLOBAL_ACCENT_COLOR_NAME = AccentColor;
				CODE_SIGN_ENTITLEMENTS = "Pet-ID-iOS/Pet_ID_iOS.entitlements";
				CODE_SIGN_STYLE = Automatic;
				CURRENT_PROJECT_VERSION = 1;
				DEVELOPMENT_ASSET_PATHS = "\"Pet-ID-iOS/Preview Content\"";
				DEVELOPMENT_TEAM = 5QNWYK9LQY;
				ENABLE_HARDENED_RUNTIME = YES;
				ENABLE_PREVIEWS = YES;
				ENABLE_USER_SCRIPT_SANDBOXING = NO;
				GENERATE_INFOPLIST_FILE = YES;
				INFOPLIST_FILE = "Pet-ID-iOS/Resources/Info.plist";
				INFOPLIST_KEY_LSApplicationCategoryType = "";
				INFOPLIST_KEY_NSCameraUsageDescription = "카메라 접근 권한";
				INFOPLIST_KEY_NSPhotoLibraryUsageDescription = "앨범 접근 권한";
				"INFOPLIST_KEY_UIApplicationSceneManifest_Generation[sdk=iphoneos*]" = YES;
				"INFOPLIST_KEY_UIApplicationSceneManifest_Generation[sdk=iphonesimulator*]" = YES;
				"INFOPLIST_KEY_UIApplicationSupportsIndirectInputEvents[sdk=iphoneos*]" = YES;
				"INFOPLIST_KEY_UIApplicationSupportsIndirectInputEvents[sdk=iphonesimulator*]" = YES;
				"INFOPLIST_KEY_UILaunchScreen_Generation[sdk=iphoneos*]" = YES;
				"INFOPLIST_KEY_UILaunchScreen_Generation[sdk=iphonesimulator*]" = YES;
				"INFOPLIST_KEY_UIStatusBarStyle[sdk=iphoneos*]" = UIStatusBarStyleDefault;
				"INFOPLIST_KEY_UIStatusBarStyle[sdk=iphonesimulator*]" = UIStatusBarStyleDefault;
				INFOPLIST_KEY_UISupportedInterfaceOrientations_iPad = "UIInterfaceOrientationPortrait UIInterfaceOrientationPortraitUpsideDown UIInterfaceOrientationLandscapeLeft UIInterfaceOrientationLandscapeRight";
				INFOPLIST_KEY_UISupportedInterfaceOrientations_iPhone = "UIInterfaceOrientationPortrait UIInterfaceOrientationLandscapeLeft UIInterfaceOrientationLandscapeRight";
				IPHONEOS_DEPLOYMENT_TARGET = 15.0;
				LD_RUNPATH_SEARCH_PATHS = "@executable_path/Frameworks";
				"LD_RUNPATH_SEARCH_PATHS[sdk=macosx*]" = "@executable_path/../Frameworks";
				MACOSX_DEPLOYMENT_TARGET = 14.3;
				MARKETING_VERSION = 1.0;
				PRODUCT_BUNDLE_IDENTIFIER = "com.pet-id-iOS";
				PRODUCT_NAME = "$(TARGET_NAME)";
				SDKROOT = iphoneos;
				SUPPORTED_PLATFORMS = "iphoneos iphonesimulator";
				SUPPORTS_MACCATALYST = NO;
				SWIFT_EMIT_LOC_STRINGS = YES;
				SWIFT_VERSION = 5.0;
				TARGETED_DEVICE_FAMILY = "1,2";
			};
			name = Release;
		};
/* End XCBuildConfiguration section */

/* Begin XCConfigurationList section */
		0A21CEDA2C0DE238005DD8E2 /* Build configuration list for PBXProject "Pet-ID-iOS" */ = {
			isa = XCConfigurationList;
			buildConfigurations = (
				0A21CF022C0DE23A005DD8E2 /* Debug */,
				0A21CF032C0DE23A005DD8E2 /* Release */,
			);
			defaultConfigurationIsVisible = 0;
			defaultConfigurationName = Release;
		};
		0A21CF042C0DE23A005DD8E2 /* Build configuration list for PBXNativeTarget "Pet-ID-iOS" */ = {
			isa = XCConfigurationList;
			buildConfigurations = (
				0A21CF052C0DE23A005DD8E2 /* Debug */,
				0A21CF062C0DE23A005DD8E2 /* Release */,
			);
			defaultConfigurationIsVisible = 0;
			defaultConfigurationName = Release;
		};
/* End XCConfigurationList section */
	};
	rootObject = 0A21CED72C0DE238005DD8E2 /* Project object */;
}
