PODS:
  - Alamofire (5.9.1)
  - AppAuth (1.7.5):
    - AppAuth/Core (= 1.7.5)
    - AppAuth/ExternalUserAgent (= 1.7.5)
  - AppAuth/Core (1.7.5)
  - AppAuth/ExternalUserAgent (1.7.5):
    - AppAuth/Core
  - CocoaLumberjack/Core (3.8.5)
  - CocoaLumberjack/Swift (3.8.5):
    - CocoaLumberjack/Core
  - Firebase/Analytics (10.29.0):
    - Firebase/Core
  - Firebase/Core (10.29.0):
    - Firebase/CoreOnly
    - FirebaseAnalytics (~> 10.29.0)
  - Firebase/CoreOnly (10.29.0):
    - FirebaseCore (= 10.29.0)
  - Firebase/Crashlytics (10.29.0):
    - Firebase/CoreOnly
    - FirebaseCrashlytics (~> 10.29.0)
  - FirebaseAnalytics (10.29.0):
    - FirebaseAnalytics/AdIdSupport (= 10.29.0)
    - FirebaseCore (~> 10.0)
    - FirebaseInstallations (~> 10.0)
    - GoogleUtilities/AppDelegateSwizzler (~> 7.11)
    - GoogleUtilities/MethodSwizzler (~> 7.11)
    - GoogleUtilities/Network (~> 7.11)
    - "GoogleUtilities/NSData+zlib (~> 7.11)"
    - nanopb (< 2.30911.0, >= 2.30908.0)
  - FirebaseAnalytics/AdIdSupport (10.29.0):
    - FirebaseCore (~> 10.0)
    - FirebaseInstallations (~> 10.0)
    - GoogleAppMeasurement (= 10.29.0)
    - GoogleUtilities/AppDelegateSwizzler (~> 7.11)
    - GoogleUtilities/MethodSwizzler (~> 7.11)
    - GoogleUtilities/Network (~> 7.11)
    - "GoogleUtilities/NSData+zlib (~> 7.11)"
    - nanopb (< 2.30911.0, >= 2.30908.0)
  - FirebaseCore (10.29.0):
    - FirebaseCoreInternal (~> 10.0)
    - GoogleUtilities/Environment (~> 7.12)
    - GoogleUtilities/Logger (~> 7.12)
  - FirebaseCoreExtension (10.29.0):
    - FirebaseCore (~> 10.0)
  - FirebaseCoreInternal (10.29.0):
    - "GoogleUtilities/NSData+zlib (~> 7.8)"
  - FirebaseCrashlytics (10.29.0):
    - FirebaseCore (~> 10.5)
    - FirebaseInstallations (~> 10.0)
    - FirebaseRemoteConfigInterop (~> 10.23)
    - FirebaseSessions (~> 10.5)
    - GoogleDataTransport (~> 9.2)
    - GoogleUtilities/Environment (~> 7.8)
    - nanopb (< 2.30911.0, >= 2.30908.0)
    - PromisesObjC (~> 2.1)
  - FirebaseInstallations (10.29.0):
    - FirebaseCore (~> 10.0)
    - GoogleUtilities/Environment (~> 7.8)
    - GoogleUtilities/UserDefaults (~> 7.8)
    - PromisesObjC (~> 2.1)
  - FirebaseMessaging (10.29.0):
    - FirebaseCore (~> 10.0)
    - FirebaseInstallations (~> 10.0)
    - GoogleDataTransport (~> 9.3)
    - GoogleUtilities/AppDelegateSwizzler (~> 7.8)
    - GoogleUtilities/Environment (~> 7.8)
    - GoogleUtilities/Reachability (~> 7.8)
    - GoogleUtilities/UserDefaults (~> 7.8)
    - nanopb (< 2.30911.0, >= 2.30908.0)
  - FirebaseRemoteConfigInterop (10.29.0)
  - FirebaseSessions (10.29.0):
    - FirebaseCore (~> 10.5)
    - FirebaseCoreExtension (~> 10.0)
    - FirebaseInstallations (~> 10.0)
    - GoogleDataTransport (~> 9.2)
    - GoogleUtilities/Environment (~> 7.13)
    - GoogleUtilities/UserDefaults (~> 7.13)
    - nanopb (< 2.30911.0, >= 2.30908.0)
    - PromisesSwift (~> 2.1)
  - GoogleAppMeasurement (10.29.0):
    - GoogleAppMeasurement/AdIdSupport (= 10.29.0)
    - GoogleUtilities/AppDelegateSwizzler (~> 7.11)
    - GoogleUtilities/MethodSwizzler (~> 7.11)
    - GoogleUtilities/Network (~> 7.11)
    - "GoogleUtilities/NSData+zlib (~> 7.11)"
    - nanopb (< 2.30911.0, >= 2.30908.0)
  - GoogleAppMeasurement/AdIdSupport (10.29.0):
    - GoogleAppMeasurement/WithoutAdIdSupport (= 10.29.0)
    - GoogleUtilities/AppDelegateSwizzler (~> 7.11)
    - GoogleUtilities/MethodSwizzler (~> 7.11)
    - GoogleUtilities/Network (~> 7.11)
    - "GoogleUtilities/NSData+zlib (~> 7.11)"
    - nanopb (< 2.30911.0, >= 2.30908.0)
  - GoogleAppMeasurement/WithoutAdIdSupport (10.29.0):
    - GoogleUtilities/AppDelegateSwizzler (~> 7.11)
    - GoogleUtilities/MethodSwizzler (~> 7.11)
    - GoogleUtilities/Network (~> 7.11)
    - "GoogleUtilities/NSData+zlib (~> 7.11)"
    - nanopb (< 2.30911.0, >= 2.30908.0)
  - GoogleDataTransport (9.4.1):
    - GoogleUtilities/Environment (~> 7.7)
    - nanopb (< 2.30911.0, >= 2.30908.0)
    - PromisesObjC (< 3.0, >= 1.2)
  - GoogleSignIn (7.1.0):
    - AppAuth (< 2.0, >= 1.7.3)
    - GTMAppAuth (< 5.0, >= 4.1.1)
    - GTMSessionFetcher/Core (~> 3.3)
  - GoogleUtilities/AppDelegateSwizzler (7.13.3):
    - GoogleUtilities/Environment
    - GoogleUtilities/Logger
    - GoogleUtilities/Network
    - GoogleUtilities/Privacy
  - GoogleUtilities/Environment (7.13.3):
    - GoogleUtilities/Privacy
    - PromisesObjC (< 3.0, >= 1.2)
  - GoogleUtilities/Logger (7.13.3):
    - GoogleUtilities/Environment
    - GoogleUtilities/Privacy
  - GoogleUtilities/MethodSwizzler (7.13.3):
    - GoogleUtilities/Logger
    - GoogleUtilities/Privacy
  - GoogleUtilities/Network (7.13.3):
    - GoogleUtilities/Logger
    - "GoogleUtilities/NSData+zlib"
    - GoogleUtilities/Privacy
    - GoogleUtilities/Reachability
  - "GoogleUtilities/NSData+zlib (7.13.3)":
    - GoogleUtilities/Privacy
  - GoogleUtilities/Privacy (7.13.3)
  - GoogleUtilities/Reachability (7.13.3):
    - GoogleUtilities/Logger
    - GoogleUtilities/Privacy
  - GoogleUtilities/UserDefaults (7.13.3):
    - GoogleUtilities/Logger
    - GoogleUtilities/Privacy
  - GTMAppAuth (4.1.1):
    - AppAuth/Core (~> 1.7)
    - GTMSessionFetcher/Core (< 4.0, >= 3.3)
  - GTMSessionFetcher/Core (3.5.0)
  - KakaoSDK (2.22.4):
    - KakaoSDKAuth (= 2.22.4)
    - KakaoSDKCert (= 2.22.4)
    - KakaoSDKCommon (= 2.22.4)
    - KakaoSDKFriend (= 2.22.4)
    - KakaoSDKNavi (= 2.22.4)
    - KakaoSDKShare (= 2.22.4)
    - KakaoSDKTalk (= 2.22.4)
    - KakaoSDKTemplate (= 2.22.4)
    - KakaoSDKUser (= 2.22.4)
  - KakaoSDKAuth (2.22.4):
    - KakaoSDKCommon (= 2.22.4)
  - KakaoSDKCert (2.22.4):
    - KakaoSDKCertCore (= 2.22.4)
    - KakaoSDKUser (= 2.22.4)
  - KakaoSDKCertCore (2.22.4)
  - KakaoSDKCommon (2.22.4):
    - KakaoSDKCommon/Common (= 2.22.4)
    - KakaoSDKCommon/Network (= 2.22.4)
  - KakaoSDKCommon/Common (2.22.4)
  - KakaoSDKCommon/Network (2.22.4):
    - Alamofire (~> 5.9.0)
    - KakaoSDKCommon/Common (= 2.22.4)
  - KakaoSDKFriend (2.22.4):
    - KakaoSDKFriendCore (= 2.22.4)
    - KakaoSDKUser (= 2.22.4)
  - KakaoSDKFriendCore (2.22.4)
  - KakaoSDKNavi (2.22.4):
    - KakaoSDKCommon/Common (= 2.22.4)
  - KakaoSDKShare (2.22.4):
    - KakaoSDKCommon (= 2.22.4)
    - KakaoSDKTemplate (= 2.22.4)
  - KakaoSDKTalk (2.22.4):
    - KakaoSDKTemplate (= 2.22.4)
    - KakaoSDKUser (= 2.22.4)
  - KakaoSDKTemplate (2.22.4):
    - KakaoSDKCommon/Common (= 2.22.4)
  - KakaoSDKUser (2.22.4):
    - KakaoSDKAuth (= 2.22.4)
  - Moya/Combine (15.0.0):
    - Moya/Core
  - Moya/Core (15.0.0):
    - Alamofire (~> 5.0)
  - nanopb (2.30910.0):
    - nanopb/decode (= 2.30910.0)
    - nanopb/encode (= 2.30910.0)
  - nanopb/decode (2.30910.0)
  - nanopb/encode (2.30910.0)
  - naveridlogin-sdk-ios (4.2.1)
  - PromisesObjC (2.4.0)
  - PromisesSwift (2.4.0):
    - PromisesObjC (= 2.4.0)
  - Swinject (2.8.8)
  - Then (3.0.0)
  - Toast-Swift (5.1.1)

DEPENDENCIES:
  - CocoaLumberjack/Swift (~> 3.8)
  - Firebase/Analytics
  - Firebase/Crashlytics
  - FirebaseMessaging
  - GoogleSignIn
  - KakaoSDK
  - Moya/Combine (~> 15.0)
  - naveridlogin-sdk-ios
  - Swinject (~> 2.8.0)
  - Then (~> 3.0.0)
  - Toast-Swift (~> 5.0)

SPEC REPOS:
  trunk:
    - Alamofire
    - AppAuth
    - CocoaLumberjack
    - Firebase
    - FirebaseAnalytics
    - FirebaseCore
    - FirebaseCoreExtension
    - FirebaseCoreInternal
    - FirebaseCrashlytics
    - FirebaseInstallations
    - FirebaseMessaging
    - FirebaseRemoteConfigInterop
    - FirebaseSessions
    - GoogleAppMeasurement
    - GoogleDataTransport
    - GoogleSignIn
    - GoogleUtilities
    - GTMAppAuth
    - GTMSessionFetcher
    - KakaoSDK
    - KakaoSDKAuth
    - KakaoSDKCert
    - KakaoSDKCertCore
    - KakaoSDKCommon
    - KakaoSDKFriend
    - KakaoSDKFriendCore
    - KakaoSDKNavi
    - KakaoSDKShare
    - KakaoSDKTalk
    - KakaoSDKTemplate
    - KakaoSDKUser
    - Moya
    - nanopb
    - naveridlogin-sdk-ios
    - PromisesObjC
    - PromisesSwift
    - Swinject
    - Then
    - Toast-Swift

SPEC CHECKSUMS:
  Alamofire: f36a35757af4587d8e4f4bfa223ad10be2422b8c
  AppAuth: 501c04eda8a8d11f179dbe8637b7a91bb7e5d2fa
  CocoaLumberjack: 6a459bc897d6d80bd1b8c78482ec7ad05dffc3f0
  Firebase: cec914dab6fd7b1bd8ab56ea07ce4e03dd251c2d
  FirebaseAnalytics: 23717de130b779aa506e757edb9713d24b6ffeda
  FirebaseCore: 30e9c1cbe3d38f5f5e75f48bfcea87d7c358ec16
  FirebaseCoreExtension: 705ca5b14bf71d2564a0ddc677df1fc86ffa600f
  FirebaseCoreInternal: df84dd300b561c27d5571684f389bf60b0a5c934
  FirebaseCrashlytics: 34647b41e18de773717fdd348a22206f2f9bc774
  FirebaseInstallations: 913cf60d0400ebd5d6b63a28b290372ab44590dd
  FirebaseMessaging: 7b5d8033e183ab59eb5b852a53201559e976d366
  FirebaseRemoteConfigInterop: 6efda51fb5e2f15b16585197e26eaa09574e8a4d
  FirebaseSessions: dbd14adac65ce996228652c1fc3a3f576bdf3ecc
  GoogleAppMeasurement: f9de05ee17401e3355f68e8fc8b5064d429f5918
  GoogleDataTransport: 6c09b596d841063d76d4288cc2d2f42cc36e1e2a
  GoogleSignIn: d4281ab6cf21542b1cfaff85c191f230b399d2db
  GoogleUtilities: ea963c370a38a8069cc5f7ba4ca849a60b6d7d15
  GTMAppAuth: f69bd07d68cd3b766125f7e072c45d7340dea0de
  GTMSessionFetcher: 5aea5ba6bd522a239e236100971f10cb71b96ab6
  KakaoSDK: 175d377b97c82733fdb47c0e42677809489bdc5b
  KakaoSDKAuth: 61326a4dfa82f0479e6545f4d941aaa15bf86691
  KakaoSDKCert: b20a5c7406c1c1895a68cfa92e33384cc2b880c4
  KakaoSDKCertCore: 9f2357c0a48f71e977f0a27c438ac96c06b3c8d0
  KakaoSDKCommon: f451cec231fa1630ed817721791f3bdd74ed1de7
  KakaoSDKFriend: 41eed7a11de6f50dc1966dc5028fbd6477966a45
  KakaoSDKFriendCore: a63f66d3d7bf10d21674289f67bbd189de2ec41a
  KakaoSDKNavi: fd45a79e5bfa92e148928ac2d87fc9124e83e9aa
  KakaoSDKShare: 6843b94bca53a13505c11c3b34f257459d6b9a5c
  KakaoSDKTalk: 2613e29a0f73979acdff48cce9468e9f185e1869
  KakaoSDKTemplate: 01fcba6e420aa5914b5410053f487999c9eca0a2
  KakaoSDKUser: 79e9f3911b26fcfa3bcfc940d460e129e02b7a08
  Moya: 138f0573e53411fb3dc17016add0b748dfbd78ee
  nanopb: 438bc412db1928dac798aa6fd75726007be04262
  naveridlogin-sdk-ios: d5f9d92905a7e964976ebfdd665bee5fb75845c5
  PromisesObjC: f5707f49cb48b9636751c5b2e7d227e43fba9f47
  PromisesSwift: 9d77319bbe72ebf6d872900551f7eeba9bce2851
  Swinject: 2943463cdd58b49f114213bf1ce4a09f374828e7
  Then: 844265ae87834bbe1147d91d5d41a404da2ec27d
  Toast-Swift: 7a03a532afe3a560d4044bc7c237e2864d295173

PODFILE CHECKSUM: 3d495575e7745c25612d67b0d028bdc55ff88604

COCOAPODS: 1.15.2
